// !$*UTF8*$!
{
	archiveVersion = 1;
	classes = {
	};
	objectVersion = 46;
	objects = {

/* Begin PBXBuildFile section */
		1827BEA61D23A35700B1440B /* ZRInfoViewController.m in Sources */ = {isa = PBXBuildFile; fileRef = 1827BEA51D23A35700B1440B /* ZRInfoViewController.m */; };
		1827BEAA1D23A3ED00B1440B /* ZRBuyBookViewCell.m in Sources */ = {isa = PBXBuildFile; fileRef = 1827BEA81D23A3ED00B1440B /* ZRBuyBookViewCell.m */; };
		1827BEAB1D23A3ED00B1440B /* ZRBuyBookViewCell.xib in Resources */ = {isa = PBXBuildFile; fileRef = 1827BEA91D23A3ED00B1440B /* ZRBuyBookViewCell.xib */; };
		1827BEAF1D23A42A00B1440B /* ZRBookIntroViewCell.m in Sources */ = {isa = PBXBuildFile; fileRef = 1827BEAD1D23A42A00B1440B /* ZRBookIntroViewCell.m */; };
		1827BEB01D23A42A00B1440B /* ZRBookIntroViewCell.xib in Resources */ = {isa = PBXBuildFile; fileRef = 1827BEAE1D23A42A00B1440B /* ZRBookIntroViewCell.xib */; };
		1827BEB41D23A50F00B1440B /* ZRJudgeViewCell.m in Sources */ = {isa = PBXBuildFile; fileRef = 1827BEB21D23A50F00B1440B /* ZRJudgeViewCell.m */; };
		1827BEB51D23A50F00B1440B /* ZRJudgeViewCell.xib in Resources */ = {isa = PBXBuildFile; fileRef = 1827BEB31D23A50F00B1440B /* ZRJudgeViewCell.xib */; };
		182857E91D1E255A0050DFCA /* ZRTableViewCell.m in Sources */ = {isa = PBXBuildFile; fileRef = 182857E71D1E255A0050DFCA /* ZRTableViewCell.m */; };
		182857EA1D1E255A0050DFCA /* ZRTableViewCell.xib in Resources */ = {isa = PBXBuildFile; fileRef = 182857E81D1E255A0050DFCA /* ZRTableViewCell.xib */; };
		182857EE1D1E62870050DFCA /* ZRPersonalTableViewCell.m in Sources */ = {isa = PBXBuildFile; fileRef = 182857EC1D1E62870050DFCA /* ZRPersonalTableViewCell.m */; };
		182857EF1D1E62870050DFCA /* ZRPersonalTableViewCell.xib in Resources */ = {isa = PBXBuildFile; fileRef = 182857ED1D1E62870050DFCA /* ZRPersonalTableViewCell.xib */; };
		182857F11D1E6C3A0050DFCA /* person.plist in Resources */ = {isa = PBXBuildFile; fileRef = 182857F01D1E6C3A0050DFCA /* person.plist */; };
		182857F71D1E98500050DFCA /* ZRGroupHeaderView.m in Sources */ = {isa = PBXBuildFile; fileRef = 182857F61D1E98500050DFCA /* ZRGroupHeaderView.m */; };
		18858E171D2363330014AC2D /* ZROrderViewController.m in Sources */ = {isa = PBXBuildFile; fileRef = 18858E161D2363330014AC2D /* ZROrderViewController.m */; };
		18858E1E1D2368770014AC2D /* ZROrderViewCell.m in Sources */ = {isa = PBXBuildFile; fileRef = 18858E1C1D2368770014AC2D /* ZROrderViewCell.m */; };
		18858E1F1D2368770014AC2D /* ZROrderViewCell.xib in Resources */ = {isa = PBXBuildFile; fileRef = 18858E1D1D2368770014AC2D /* ZROrderViewCell.xib */; };
		188DC6F01D25298D00AADE65 /* ZRHomeViewCell.m in Sources */ = {isa = PBXBuildFile; fileRef = 188DC6EE1D25298D00AADE65 /* ZRHomeViewCell.m */; };
		188DC6F11D25298D00AADE65 /* ZRHomeViewCell.xib in Resources */ = {isa = PBXBuildFile; fileRef = 188DC6EF1D25298D00AADE65 /* ZRHomeViewCell.xib */; };
		18D12D571D222A3400B77B86 /* ZRGoods.m in Sources */ = {isa = PBXBuildFile; fileRef = 18D12D561D222A3400B77B86 /* ZRGoods.m */; };
		18D612CF1D1D1BF0008E94D0 /* Assets.xcassets in Resources */ = {isa = PBXBuildFile; fileRef = 18D612CE1D1D1BF0008E94D0 /* Assets.xcassets */; };
		18D612D21D1D1BF0008E94D0 /* LaunchScreen.storyboard in Resources */ = {isa = PBXBuildFile; fileRef = 18D612D01D1D1BF0008E94D0 /* LaunchScreen.storyboard */; };
		18D612E81D1D1EBD008E94D0 /* AppDelegate.m in Sources */ = {isa = PBXBuildFile; fileRef = 18D612E41D1D1EBD008E94D0 /* AppDelegate.m */; };
		18D612E91D1D1EBD008E94D0 /* main.m in Sources */ = {isa = PBXBuildFile; fileRef = 18D612E51D1D1EBD008E94D0 /* main.m */; };
		18D613071D1D217D008E94D0 /* ZRHomeViewController.m in Sources */ = {isa = PBXBuildFile; fileRef = 18D613061D1D217D008E94D0 /* ZRHomeViewController.m */; };
		18D613131D1D2246008E94D0 /* ZRBookViewController.m in Sources */ = {isa = PBXBuildFile; fileRef = 18D613121D1D2246008E94D0 /* ZRBookViewController.m */; };
		18D613191D1D4CD2008E94D0 /* ZRMainNavigation.m in Sources */ = {isa = PBXBuildFile; fileRef = 18D613181D1D4CD2008E94D0 /* ZRMainNavigation.m */; };
		18D6131F1D1D4F75008E94D0 /* UIView+ZRExtension.m in Sources */ = {isa = PBXBuildFile; fileRef = 18D6131E1D1D4F75008E94D0 /* UIView+ZRExtension.m */; };
		18D613221D1D54B8008E94D0 /* ZRTabbarController.m in Sources */ = {isa = PBXBuildFile; fileRef = 18D613211D1D54B8008E94D0 /* ZRTabbarController.m */; };
		18D613251D1D5F0F008E94D0 /* ZRBuyViewController.m in Sources */ = {isa = PBXBuildFile; fileRef = 18D613241D1D5F0F008E94D0 /* ZRBuyViewController.m */; };
		18D613281D1D5F3A008E94D0 /* ZRProfileViewController.m in Sources */ = {isa = PBXBuildFile; fileRef = 18D613271D1D5F3A008E94D0 /* ZRProfileViewController.m */; };
		18D6132B1D1D634C008E94D0 /* ZRSearchBar.m in Sources */ = {isa = PBXBuildFile; fileRef = 18D6132A1D1D634C008E94D0 /* ZRSearchBar.m */; };
		18F1586B1D1F673A00DC6C43 /* ZRBuyViewCell.m in Sources */ = {isa = PBXBuildFile; fileRef = 18F158691D1F673A00DC6C43 /* ZRBuyViewCell.m */; };
		18F1586E1D1FAB1200DC6C43 /* goods.plist in Resources */ = {isa = PBXBuildFile; fileRef = 18F1586D1D1FAB1200DC6C43 /* goods.plist */; };
		18F158701D1FE08A00DC6C43 /* ZRBuyViewCell.xib in Resources */ = {isa = PBXBuildFile; fileRef = 18F1586F1D1FE08A00DC6C43 /* ZRBuyViewCell.xib */; };
		18F158731D1FE0FC00DC6C43 /* ZRBuyHeaderView.m in Sources */ = {isa = PBXBuildFile; fileRef = 18F158721D1FE0FC00DC6C43 /* ZRBuyHeaderView.m */; };
/* End PBXBuildFile section */

/* Begin PBXFileReference section */
		1827BEA41D23A35700B1440B /* ZRInfoViewController.h */ = {isa = PBXFileReference; fileEncoding = 4; lastKnownFileType = sourcecode.c.h; path = ZRInfoViewController.h; sourceTree = "<group>"; };
		1827BEA51D23A35700B1440B /* ZRInfoViewController.m */ = {isa = PBXFileReference; fileEncoding = 4; lastKnownFileType = sourcecode.c.objc; path = ZRInfoViewController.m; sourceTree = "<group>"; };
		1827BEA71D23A3ED00B1440B /* ZRBuyBookViewCell.h */ = {isa = PBXFileReference; fileEncoding = 4; lastKnownFileType = sourcecode.c.h; path = ZRBuyBookViewCell.h; sourceTree = "<group>"; };
		1827BEA81D23A3ED00B1440B /* ZRBuyBookViewCell.m */ = {isa = PBXFileReference; fileEncoding = 4; lastKnownFileType = sourcecode.c.objc; path = ZRBuyBookViewCell.m; sourceTree = "<group>"; };
		1827BEA91D23A3ED00B1440B /* ZRBuyBookViewCell.xib */ = {isa = PBXFileReference; fileEncoding = 4; lastKnownFileType = file.xib; path = ZRBuyBookViewCell.xib; sourceTree = "<group>"; };
		1827BEAC1D23A42A00B1440B /* ZRBookIntroViewCell.h */ = {isa = PBXFileReference; fileEncoding = 4; lastKnownFileType = sourcecode.c.h; path = ZRBookIntroViewCell.h; sourceTree = "<group>"; };
		1827BEAD1D23A42A00B1440B /* ZRBookIntroViewCell.m */ = {isa = PBXFileReference; fileEncoding = 4; lastKnownFileType = sourcecode.c.objc; path = ZRBookIntroViewCell.m; sourceTree = "<group>"; };
		1827BEAE1D23A42A00B1440B /* ZRBookIntroViewCell.xib */ = {isa = PBXFileReference; fileEncoding = 4; lastKnownFileType = file.xib; path = ZRBookIntroViewCell.xib; sourceTree = "<group>"; };
		1827BEB11D23A50F00B1440B /* ZRJudgeViewCell.h */ = {isa = PBXFileReference; fileEncoding = 4; lastKnownFileType = sourcecode.c.h; path = ZRJudgeViewCell.h; sourceTree = "<group>"; };
		1827BEB21D23A50F00B1440B /* ZRJudgeViewCell.m */ = {isa = PBXFileReference; fileEncoding = 4; lastKnownFileType = sourcecode.c.objc; path = ZRJudgeViewCell.m; sourceTree = "<group>"; };
		1827BEB31D23A50F00B1440B /* ZRJudgeViewCell.xib */ = {isa = PBXFileReference; fileEncoding = 4; lastKnownFileType = file.xib; path = ZRJudgeViewCell.xib; sourceTree = "<group>"; };
		182857E61D1E255A0050DFCA /* ZRTableViewCell.h */ = {isa = PBXFileReference; fileEncoding = 4; lastKnownFileType = sourcecode.c.h; path = ZRTableViewCell.h; sourceTree = "<group>"; };
		182857E71D1E255A0050DFCA /* ZRTableViewCell.m */ = {isa = PBXFileReference; fileEncoding = 4; lastKnownFileType = sourcecode.c.objc; path = ZRTableViewCell.m; sourceTree = "<group>"; };
		182857E81D1E255A0050DFCA /* ZRTableViewCell.xib */ = {isa = PBXFileReference; fileEncoding = 4; lastKnownFileType = file.xib; path = ZRTableViewCell.xib; sourceTree = "<group>"; };
		182857EB1D1E62870050DFCA /* ZRPersonalTableViewCell.h */ = {isa = PBXFileReference; fileEncoding = 4; lastKnownFileType = sourcecode.c.h; path = ZRPersonalTableViewCell.h; sourceTree = "<group>"; };
		182857EC1D1E62870050DFCA /* ZRPersonalTableViewCell.m */ = {isa = PBXFileReference; fileEncoding = 4; lastKnownFileType = sourcecode.c.objc; path = ZRPersonalTableViewCell.m; sourceTree = "<group>"; };
		182857ED1D1E62870050DFCA /* ZRPersonalTableViewCell.xib */ = {isa = PBXFileReference; fileEncoding = 4; lastKnownFileType = file.xib; path = ZRPersonalTableViewCell.xib; sourceTree = "<group>"; };
		182857F01D1E6C3A0050DFCA /* person.plist */ = {isa = PBXFileReference; fileEncoding = 4; lastKnownFileType = text.plist.xml; path = person.plist; sourceTree = "<group>"; };
		182857F51D1E98500050DFCA /* ZRGroupHeaderView.h */ = {isa = PBXFileReference; fileEncoding = 4; lastKnownFileType = sourcecode.c.h; path = ZRGroupHeaderView.h; sourceTree = "<group>"; };
		182857F61D1E98500050DFCA /* ZRGroupHeaderView.m */ = {isa = PBXFileReference; fileEncoding = 4; lastKnownFileType = sourcecode.c.objc; path = ZRGroupHeaderView.m; sourceTree = "<group>"; };
		18858E151D2363330014AC2D /* ZROrderViewController.h */ = {isa = PBXFileReference; fileEncoding = 4; lastKnownFileType = sourcecode.c.h; path = ZROrderViewController.h; sourceTree = "<group>"; };
		18858E161D2363330014AC2D /* ZROrderViewController.m */ = {isa = PBXFileReference; fileEncoding = 4; lastKnownFileType = sourcecode.c.objc; path = ZROrderViewController.m; sourceTree = "<group>"; };
		18858E1B1D2368770014AC2D /* ZROrderViewCell.h */ = {isa = PBXFileReference; fileEncoding = 4; lastKnownFileType = sourcecode.c.h; path = ZROrderViewCell.h; sourceTree = "<group>"; };
		18858E1C1D2368770014AC2D /* ZROrderViewCell.m */ = {isa = PBXFileReference; fileEncoding = 4; lastKnownFileType = sourcecode.c.objc; path = ZROrderViewCell.m; sourceTree = "<group>"; };
		18858E1D1D2368770014AC2D /* ZROrderViewCell.xib */ = {isa = PBXFileReference; fileEncoding = 4; lastKnownFileType = file.xib; path = ZROrderViewCell.xib; sourceTree = "<group>"; };
		188DC6ED1D25298D00AADE65 /* ZRHomeViewCell.h */ = {isa = PBXFileReference; fileEncoding = 4; lastKnownFileType = sourcecode.c.h; path = ZRHomeViewCell.h; sourceTree = "<group>"; };
		188DC6EE1D25298D00AADE65 /* ZRHomeViewCell.m */ = {isa = PBXFileReference; fileEncoding = 4; lastKnownFileType = sourcecode.c.objc; path = ZRHomeViewCell.m; sourceTree = "<group>"; };
		188DC6EF1D25298D00AADE65 /* ZRHomeViewCell.xib */ = {isa = PBXFileReference; fileEncoding = 4; lastKnownFileType = file.xib; path = ZRHomeViewCell.xib; sourceTree = "<group>"; };
		18D12D551D222A3400B77B86 /* ZRGoods.h */ = {isa = PBXFileReference; fileEncoding = 4; lastKnownFileType = sourcecode.c.h; path = ZRGoods.h; sourceTree = "<group>"; };
		18D12D561D222A3400B77B86 /* ZRGoods.m */ = {isa = PBXFileReference; fileEncoding = 4; lastKnownFileType = sourcecode.c.objc; path = ZRGoods.m; sourceTree = "<group>"; };
		18D612BF1D1D1BF0008E94D0 /* shushu.app */ = {isa = PBXFileReference; explicitFileType = wrapper.application; includeInIndex = 0; path = shushu.app; sourceTree = BUILT_PRODUCTS_DIR; };
		18D612CE1D1D1BF0008E94D0 /* Assets.xcassets */ = {isa = PBXFileReference; lastKnownFileType = folder.assetcatalog; path = Assets.xcassets; sourceTree = "<group>"; };
		18D612D11D1D1BF0008E94D0 /* Base */ = {isa = PBXFileReference; lastKnownFileType = file.storyboard; name = Base; path = Base.lproj/LaunchScreen.storyboard; sourceTree = "<group>"; };
		18D612D31D1D1BF0008E94D0 /* Info.plist */ = {isa = PBXFileReference; lastKnownFileType = text.plist.xml; path = Info.plist; sourceTree = "<group>"; };
		18D612E31D1D1EBD008E94D0 /* AppDelegate.h */ = {isa = PBXFileReference; fileEncoding = 4; lastKnownFileType = sourcecode.c.h; path = AppDelegate.h; sourceTree = "<group>"; };
		18D612E41D1D1EBD008E94D0 /* AppDelegate.m */ = {isa = PBXFileReference; fileEncoding = 4; lastKnownFileType = sourcecode.c.objc; path = AppDelegate.m; sourceTree = "<group>"; };
		18D612E51D1D1EBD008E94D0 /* main.m */ = {isa = PBXFileReference; fileEncoding = 4; lastKnownFileType = sourcecode.c.objc; path = main.m; sourceTree = "<group>"; };
		18D613051D1D217D008E94D0 /* ZRHomeViewController.h */ = {isa = PBXFileReference; fileEncoding = 4; lastKnownFileType = sourcecode.c.h; path = ZRHomeViewController.h; sourceTree = "<group>"; };
		18D613061D1D217D008E94D0 /* ZRHomeViewController.m */ = {isa = PBXFileReference; fileEncoding = 4; lastKnownFileType = sourcecode.c.objc; path = ZRHomeViewController.m; sourceTree = "<group>"; };
		18D613111D1D2246008E94D0 /* ZRBookViewController.h */ = {isa = PBXFileReference; fileEncoding = 4; lastKnownFileType = sourcecode.c.h; path = ZRBookViewController.h; sourceTree = "<group>"; };
		18D613121D1D2246008E94D0 /* ZRBookViewController.m */ = {isa = PBXFileReference; fileEncoding = 4; lastKnownFileType = sourcecode.c.objc; path = ZRBookViewController.m; sourceTree = "<group>"; };
		18D613171D1D4CD2008E94D0 /* ZRMainNavigation.h */ = {isa = PBXFileReference; fileEncoding = 4; lastKnownFileType = sourcecode.c.h; path = ZRMainNavigation.h; sourceTree = "<group>"; };
		18D613181D1D4CD2008E94D0 /* ZRMainNavigation.m */ = {isa = PBXFileReference; fileEncoding = 4; lastKnownFileType = sourcecode.c.objc; path = ZRMainNavigation.m; sourceTree = "<group>"; };
		18D6131D1D1D4F75008E94D0 /* UIView+ZRExtension.h */ = {isa = PBXFileReference; fileEncoding = 4; lastKnownFileType = sourcecode.c.h; path = "UIView+ZRExtension.h"; sourceTree = "<group>"; };
		18D6131E1D1D4F75008E94D0 /* UIView+ZRExtension.m */ = {isa = PBXFileReference; fileEncoding = 4; lastKnownFileType = sourcecode.c.objc; path = "UIView+ZRExtension.m"; sourceTree = "<group>"; };
		18D613201D1D54B8008E94D0 /* ZRTabbarController.h */ = {isa = PBXFileReference; fileEncoding = 4; lastKnownFileType = sourcecode.c.h; path = ZRTabbarController.h; sourceTree = "<group>"; };
		18D613211D1D54B8008E94D0 /* ZRTabbarController.m */ = {isa = PBXFileReference; fileEncoding = 4; lastKnownFileType = sourcecode.c.objc; path = ZRTabbarController.m; sourceTree = "<group>"; };
		18D613231D1D5F0F008E94D0 /* ZRBuyViewController.h */ = {isa = PBXFileReference; fileEncoding = 4; lastKnownFileType = sourcecode.c.h; path = ZRBuyViewController.h; sourceTree = "<group>"; };
		18D613241D1D5F0F008E94D0 /* ZRBuyViewController.m */ = {isa = PBXFileReference; fileEncoding = 4; lastKnownFileType = sourcecode.c.objc; path = ZRBuyViewController.m; sourceTree = "<group>"; };
		18D613261D1D5F3A008E94D0 /* ZRProfileViewController.h */ = {isa = PBXFileReference; fileEncoding = 4; lastKnownFileType = sourcecode.c.h; path = ZRProfileViewController.h; sourceTree = "<group>"; };
		18D613271D1D5F3A008E94D0 /* ZRProfileViewController.m */ = {isa = PBXFileReference; fileEncoding = 4; lastKnownFileType = sourcecode.c.objc; path = ZRProfileViewController.m; sourceTree = "<group>"; };
		18D613291D1D634C008E94D0 /* ZRSearchBar.h */ = {isa = PBXFileReference; fileEncoding = 4; lastKnownFileType = sourcecode.c.h; path = ZRSearchBar.h; sourceTree = "<group>"; };
		18D6132A1D1D634C008E94D0 /* ZRSearchBar.m */ = {isa = PBXFileReference; fileEncoding = 4; lastKnownFileType = sourcecode.c.objc; path = ZRSearchBar.m; sourceTree = "<group>"; };
		18F158681D1F673A00DC6C43 /* ZRBuyViewCell.h */ = {isa = PBXFileReference; fileEncoding = 4; lastKnownFileType = sourcecode.c.h; path = ZRBuyViewCell.h; sourceTree = "<group>"; };
		18F158691D1F673A00DC6C43 /* ZRBuyViewCell.m */ = {isa = PBXFileReference; fileEncoding = 4; lastKnownFileType = sourcecode.c.objc; path = ZRBuyViewCell.m; sourceTree = "<group>"; };
		18F1586D1D1FAB1200DC6C43 /* goods.plist */ = {isa = PBXFileReference; fileEncoding = 4; lastKnownFileType = text.plist.xml; path = goods.plist; sourceTree = "<group>"; };
		18F1586F1D1FE08A00DC6C43 /* ZRBuyViewCell.xib */ = {isa = PBXFileReference; fileEncoding = 4; lastKnownFileType = file.xib; path = ZRBuyViewCell.xib; sourceTree = "<group>"; };
		18F158711D1FE0FC00DC6C43 /* ZRBuyHeaderView.h */ = {isa = PBXFileReference; fileEncoding = 4; lastKnownFileType = sourcecode.c.h; path = ZRBuyHeaderView.h; sourceTree = "<group>"; };
		18F158721D1FE0FC00DC6C43 /* ZRBuyHeaderView.m */ = {isa = PBXFileReference; fileEncoding = 4; lastKnownFileType = sourcecode.c.objc; path = ZRBuyHeaderView.m; sourceTree = "<group>"; };
/* End PBXFileReference section */

/* Begin PBXFrameworksBuildPhase section */
		18D612BC1D1D1BF0008E94D0 /* Frameworks */ = {
			isa = PBXFrameworksBuildPhase;
			buildActionMask = 2147483647;
			files = (
			);
			runOnlyForDeploymentPostprocessing = 0;
		};
/* End PBXFrameworksBuildPhase section */

/* Begin PBXGroup section */
		1827BEA01D23A25B00B1440B /* Info(书的详情) */ = {
			isa = PBXGroup;
			children = (
				1827BEA11D23A25B00B1440B /* Controller */,
				1827BEA21D23A25B00B1440B /* Model */,
				1827BEA31D23A25B00B1440B /* View */,
			);
			path = "Info(书的详情)";
			sourceTree = "<group>";
		};
		1827BEA11D23A25B00B1440B /* Controller */ = {
			isa = PBXGroup;
			children = (
				1827BEA41D23A35700B1440B /* ZRInfoViewController.h */,
				1827BEA51D23A35700B1440B /* ZRInfoViewController.m */,
			);
			path = Controller;
			sourceTree = "<group>";
		};
		1827BEA21D23A25B00B1440B /* Model */ = {
			isa = PBXGroup;
			children = (
			);
			path = Model;
			sourceTree = "<group>";
		};
		1827BEA31D23A25B00B1440B /* View */ = {
			isa = PBXGroup;
			children = (
				1827BEA71D23A3ED00B1440B /* ZRBuyBookViewCell.h */,
				1827BEA81D23A3ED00B1440B /* ZRBuyBookViewCell.m */,
				1827BEA91D23A3ED00B1440B /* ZRBuyBookViewCell.xib */,
				1827BEAC1D23A42A00B1440B /* ZRBookIntroViewCell.h */,
				1827BEAD1D23A42A00B1440B /* ZRBookIntroViewCell.m */,
				1827BEAE1D23A42A00B1440B /* ZRBookIntroViewCell.xib */,
				1827BEB11D23A50F00B1440B /* ZRJudgeViewCell.h */,
				1827BEB21D23A50F00B1440B /* ZRJudgeViewCell.m */,
				1827BEB31D23A50F00B1440B /* ZRJudgeViewCell.xib */,
			);
			path = View;
			sourceTree = "<group>";
		};
		18858E0C1D23613F0014AC2D /* Order(订单) */ = {
			isa = PBXGroup;
			children = (
				18858E0D1D23613F0014AC2D /* Controller */,
				18858E0E1D23613F0014AC2D /* Model */,
				18858E0F1D23613F0014AC2D /* View */,
			);
			path = "Order(订单)";
			sourceTree = "<group>";
		};
		18858E0D1D23613F0014AC2D /* Controller */ = {
			isa = PBXGroup;
			children = (
				18858E151D2363330014AC2D /* ZROrderViewController.h */,
				18858E161D2363330014AC2D /* ZROrderViewController.m */,
			);
			path = Controller;
			sourceTree = "<group>";
		};
		18858E0E1D23613F0014AC2D /* Model */ = {
			isa = PBXGroup;
			children = (
			);
			path = Model;
			sourceTree = "<group>";
		};
		18858E0F1D23613F0014AC2D /* View */ = {
			isa = PBXGroup;
			children = (
				18858E1B1D2368770014AC2D /* ZROrderViewCell.h */,
				18858E1C1D2368770014AC2D /* ZROrderViewCell.m */,
				18858E1D1D2368770014AC2D /* ZROrderViewCell.xib */,
			);
			path = View;
			sourceTree = "<group>";
		};
		18D612B61D1D1BF0008E94D0 = {
			isa = PBXGroup;
			children = (
				18D612C11D1D1BF0008E94D0 /* shushu */,
				18D612C01D1D1BF0008E94D0 /* Products */,
			);
			sourceTree = "<group>";
		};
		18D612C01D1D1BF0008E94D0 /* Products */ = {
			isa = PBXGroup;
			children = (
				18D612BF1D1D1BF0008E94D0 /* shushu.app */,
			);
			name = Products;
			sourceTree = "<group>";
		};
		18D612C11D1D1BF0008E94D0 /* shushu */ = {
			isa = PBXGroup;
			children = (
				18D612D91D1D1EBD008E94D0 /* Class */,
				18D612C21D1D1BF0008E94D0 /* Supporting Files */,
			);
			path = shushu;
			sourceTree = "<group>";
		};
		18D612C21D1D1BF0008E94D0 /* Supporting Files */ = {
			isa = PBXGroup;
			children = (
				18D612D01D1D1BF0008E94D0 /* LaunchScreen.storyboard */,
				18D612CE1D1D1BF0008E94D0 /* Assets.xcassets */,
				18D612D31D1D1BF0008E94D0 /* Info.plist */,
				182857F01D1E6C3A0050DFCA /* person.plist */,
				18F1586D1D1FAB1200DC6C43 /* goods.plist */,
			);
			name = "Supporting Files";
			sourceTree = "<group>";
		};
		18D612D91D1D1EBD008E94D0 /* Class */ = {
			isa = PBXGroup;
			children = (
				1827BEA01D23A25B00B1440B /* Info(书的详情) */,
				18858E0C1D23613F0014AC2D /* Order(订单) */,
				18D612FE1D1D20AB008E94D0 /* Profile(我) */,
				18D612FA1D1D20A0008E94D0 /* Home(首页) */,
				18D612F61D1D2094008E94D0 /* Buy(购物车) */,
				18D612EA1D1D203E008E94D0 /* Book(书海) */,
				18D612DD1D1D1EBD008E94D0 /* Main */,
			);
			path = Class;
			sourceTree = "<group>";
		};
		18D612DD1D1D1EBD008E94D0 /* Main */ = {
			isa = PBXGroup;
			children = (
				18D612DE1D1D1EBD008E94D0 /* Category */,
				18D612DF1D1D1EBD008E94D0 /* Controller */,
				18D612E01D1D1EBD008E94D0 /* Lib */,
				18D612E11D1D1EBD008E94D0 /* Model */,
				18D612E21D1D1EBD008E94D0 /* Other */,
				18D612E61D1D1EBD008E94D0 /* View */,
			);
			path = Main;
			sourceTree = "<group>";
		};
		18D612DE1D1D1EBD008E94D0 /* Category */ = {
			isa = PBXGroup;
			children = (
				18D6131D1D1D4F75008E94D0 /* UIView+ZRExtension.h */,
				18D6131E1D1D4F75008E94D0 /* UIView+ZRExtension.m */,
			);
			path = Category;
			sourceTree = "<group>";
		};
		18D612DF1D1D1EBD008E94D0 /* Controller */ = {
			isa = PBXGroup;
			children = (
				18D613171D1D4CD2008E94D0 /* ZRMainNavigation.h */,
				18D613181D1D4CD2008E94D0 /* ZRMainNavigation.m */,
				18D613201D1D54B8008E94D0 /* ZRTabbarController.h */,
				18D613211D1D54B8008E94D0 /* ZRTabbarController.m */,
			);
			path = Controller;
			sourceTree = "<group>";
		};
		18D612E01D1D1EBD008E94D0 /* Lib */ = {
			isa = PBXGroup;
			children = (
			);
			path = Lib;
			sourceTree = "<group>";
		};
		18D612E11D1D1EBD008E94D0 /* Model */ = {
			isa = PBXGroup;
			children = (
			);
			path = Model;
			sourceTree = "<group>";
		};
		18D612E21D1D1EBD008E94D0 /* Other */ = {
			isa = PBXGroup;
			children = (
				18D612E31D1D1EBD008E94D0 /* AppDelegate.h */,
				18D612E41D1D1EBD008E94D0 /* AppDelegate.m */,
				18D612E51D1D1EBD008E94D0 /* main.m */,
			);
			path = Other;
			sourceTree = "<group>";
		};
		18D612E61D1D1EBD008E94D0 /* View */ = {
			isa = PBXGroup;
			children = (
				18D613291D1D634C008E94D0 /* ZRSearchBar.h */,
				18D6132A1D1D634C008E94D0 /* ZRSearchBar.m */,
				182857E61D1E255A0050DFCA /* ZRTableViewCell.h */,
				182857E71D1E255A0050DFCA /* ZRTableViewCell.m */,
				182857E81D1E255A0050DFCA /* ZRTableViewCell.xib */,
			);
			path = View;
			sourceTree = "<group>";
		};
		18D612EA1D1D203E008E94D0 /* Book(书海) */ = {
			isa = PBXGroup;
			children = (
				18D612EB1D1D203E008E94D0 /* Controller */,
				18D612EC1D1D203E008E94D0 /* Model */,
				18D612ED1D1D203E008E94D0 /* View */,
			);
			path = "Book(书海)";
			sourceTree = "<group>";
		};
		18D612EB1D1D203E008E94D0 /* Controller */ = {
			isa = PBXGroup;
			children = (
				18D613111D1D2246008E94D0 /* ZRBookViewController.h */,
				18D613121D1D2246008E94D0 /* ZRBookViewController.m */,
			);
			path = Controller;
			sourceTree = "<group>";
		};
		18D612EC1D1D203E008E94D0 /* Model */ = {
			isa = PBXGroup;
			children = (
			);
			path = Model;
			sourceTree = "<group>";
		};
		18D612ED1D1D203E008E94D0 /* View */ = {
			isa = PBXGroup;
			children = (
			);
			path = View;
			sourceTree = "<group>";
		};
		18D612F61D1D2094008E94D0 /* Buy(购物车) */ = {
			isa = PBXGroup;
			children = (
				18D612F71D1D2094008E94D0 /* Controller */,
				18D612F81D1D2094008E94D0 /* Model */,
				18D612F91D1D2094008E94D0 /* View */,
			);
			path = "Buy(购物车)";
			sourceTree = "<group>";
		};
		18D612F71D1D2094008E94D0 /* Controller */ = {
			isa = PBXGroup;
			children = (
				18D613231D1D5F0F008E94D0 /* ZRBuyViewController.h */,
				18D613241D1D5F0F008E94D0 /* ZRBuyViewController.m */,
			);
			path = Controller;
			sourceTree = "<group>";
		};
		18D612F81D1D2094008E94D0 /* Model */ = {
			isa = PBXGroup;
			children = (
				18D12D551D222A3400B77B86 /* ZRGoods.h */,
				18D12D561D222A3400B77B86 /* ZRGoods.m */,
			);
			path = Model;
			sourceTree = "<group>";
		};
		18D612F91D1D2094008E94D0 /* View */ = {
			isa = PBXGroup;
			children = (
				18F1586F1D1FE08A00DC6C43 /* ZRBuyViewCell.xib */,
				18F158681D1F673A00DC6C43 /* ZRBuyViewCell.h */,
				18F158691D1F673A00DC6C43 /* ZRBuyViewCell.m */,
				18F158711D1FE0FC00DC6C43 /* ZRBuyHeaderView.h */,
				18F158721D1FE0FC00DC6C43 /* ZRBuyHeaderView.m */,
			);
			path = View;
			sourceTree = "<group>";
		};
		18D612FA1D1D20A0008E94D0 /* Home(首页) */ = {
			isa = PBXGroup;
			children = (
				18D612FB1D1D20A0008E94D0 /* Controller */,
				18D612FC1D1D20A0008E94D0 /* Model */,
				18D612FD1D1D20A0008E94D0 /* View */,
			);
			path = "Home(首页)";
			sourceTree = "<group>";
		};
		18D612FB1D1D20A0008E94D0 /* Controller */ = {
			isa = PBXGroup;
			children = (
				18D613051D1D217D008E94D0 /* ZRHomeViewController.h */,
				18D613061D1D217D008E94D0 /* ZRHomeViewController.m */,
			);
			path = Controller;
			sourceTree = "<group>";
		};
		18D612FC1D1D20A0008E94D0 /* Model */ = {
			isa = PBXGroup;
			children = (
			);
			path = Model;
			sourceTree = "<group>";
		};
		18D612FD1D1D20A0008E94D0 /* View */ = {
			isa = PBXGroup;
			children = (
				188DC6ED1D25298D00AADE65 /* ZRHomeViewCell.h */,
				188DC6EE1D25298D00AADE65 /* ZRHomeViewCell.m */,
				188DC6EF1D25298D00AADE65 /* ZRHomeViewCell.xib */,
			);
			path = View;
			sourceTree = "<group>";
		};
		18D612FE1D1D20AB008E94D0 /* Profile(我) */ = {
			isa = PBXGroup;
			children = (
				18D612FF1D1D20AB008E94D0 /* Controller */,
				18D613001D1D20AB008E94D0 /* Model */,
				18D613011D1D20AB008E94D0 /* View */,
			);
			path = "Profile(我)";
			sourceTree = "<group>";
		};
		18D612FF1D1D20AB008E94D0 /* Controller */ = {
			isa = PBXGroup;
			children = (
				18D613261D1D5F3A008E94D0 /* ZRProfileViewController.h */,
				18D613271D1D5F3A008E94D0 /* ZRProfileViewController.m */,
			);
			path = Controller;
			sourceTree = "<group>";
		};
		18D613001D1D20AB008E94D0 /* Model */ = {
			isa = PBXGroup;
			children = (
			);
			path = Model;
			sourceTree = "<group>";
		};
		18D613011D1D20AB008E94D0 /* View */ = {
			isa = PBXGroup;
			children = (
				182857EB1D1E62870050DFCA /* ZRPersonalTableViewCell.h */,
				182857EC1D1E62870050DFCA /* ZRPersonalTableViewCell.m */,
				182857ED1D1E62870050DFCA /* ZRPersonalTableViewCell.xib */,
				182857F51D1E98500050DFCA /* ZRGroupHeaderView.h */,
				182857F61D1E98500050DFCA /* ZRGroupHeaderView.m */,
			);
			path = View;
			sourceTree = "<group>";
		};
/* End PBXGroup section */

/* Begin PBXNativeTarget section */
		18D612BE1D1D1BF0008E94D0 /* shushu */ = {
			isa = PBXNativeTarget;
			buildConfigurationList = 18D612D61D1D1BF0008E94D0 /* Build configuration list for PBXNativeTarget "shushu" */;
			buildPhases = (
				18D612BB1D1D1BF0008E94D0 /* Sources */,
				18D612BC1D1D1BF0008E94D0 /* Frameworks */,
				18D612BD1D1D1BF0008E94D0 /* Resources */,
			);
			buildRules = (
			);
			dependencies = (
			);
			name = shushu;
			productName = shushu;
			productReference = 18D612BF1D1D1BF0008E94D0 /* shushu.app */;
			productType = "com.apple.product-type.application";
		};
/* End PBXNativeTarget section */

/* Begin PBXProject section */
		18D612B71D1D1BF0008E94D0 /* Project object */ = {
			isa = PBXProject;
			attributes = {
				CLASSPREFIX = ZR;
				LastUpgradeCheck = 0720;
				ORGANIZATIONNAME = zhangrui;
				TargetAttributes = {
					18D612BE1D1D1BF0008E94D0 = {
						CreatedOnToolsVersion = 7.2;
						DevelopmentTeam = A2C87SUN4N;
					};
				};
			};
			buildConfigurationList = 18D612BA1D1D1BF0008E94D0 /* Build configuration list for PBXProject "shushu" */;
			compatibilityVersion = "Xcode 3.2";
			developmentRegion = English;
			hasScannedForEncodings = 0;
			knownRegions = (
				en,
				Base,
			);
			mainGroup = 18D612B61D1D1BF0008E94D0;
			productRefGroup = 18D612C01D1D1BF0008E94D0 /* Products */;
			projectDirPath = "";
			projectRoot = "";
			targets = (
				18D612BE1D1D1BF0008E94D0 /* shushu */,
			);
		};
/* End PBXProject section */

/* Begin PBXResourcesBuildPhase section */
		18D612BD1D1D1BF0008E94D0 /* Resources */ = {
			isa = PBXResourcesBuildPhase;
			buildActionMask = 2147483647;
			files = (
				182857EA1D1E255A0050DFCA /* ZRTableViewCell.xib in Resources */,
				18D612D21D1D1BF0008E94D0 /* LaunchScreen.storyboard in Resources */,
				182857F11D1E6C3A0050DFCA /* person.plist in Resources */,
				1827BEAB1D23A3ED00B1440B /* ZRBuyBookViewCell.xib in Resources */,
				1827BEB01D23A42A00B1440B /* ZRBookIntroViewCell.xib in Resources */,
				18F1586E1D1FAB1200DC6C43 /* goods.plist in Resources */,
				18F158701D1FE08A00DC6C43 /* ZRBuyViewCell.xib in Resources */,
				18D612CF1D1D1BF0008E94D0 /* Assets.xcassets in Resources */,
				182857EF1D1E62870050DFCA /* ZRPersonalTableViewCell.xib in Resources */,
				18858E1F1D2368770014AC2D /* ZROrderViewCell.xib in Resources */,
				1827BEB51D23A50F00B1440B /* ZRJudgeViewCell.xib in Resources */,
				188DC6F11D25298D00AADE65 /* ZRHomeViewCell.xib in Resources */,
			);
			runOnlyForDeploymentPostprocessing = 0;
		};
/* End PBXResourcesBuildPhase section */

/* Begin PBXSourcesBuildPhase section */
		18D612BB1D1D1BF0008E94D0 /* Sources */ = {
			isa = PBXSourcesBuildPhase;
			buildActionMask = 2147483647;
			files = (
				1827BEA61D23A35700B1440B /* ZRInfoViewController.m in Sources */,
				18D612E91D1D1EBD008E94D0 /* main.m in Sources */,
				18F1586B1D1F673A00DC6C43 /* ZRBuyViewCell.m in Sources */,
				18D613071D1D217D008E94D0 /* ZRHomeViewController.m in Sources */,
				18D612E81D1D1EBD008E94D0 /* AppDelegate.m in Sources */,
				18D6132B1D1D634C008E94D0 /* ZRSearchBar.m in Sources */,
				18D613221D1D54B8008E94D0 /* ZRTabbarController.m in Sources */,
				18F158731D1FE0FC00DC6C43 /* ZRBuyHeaderView.m in Sources */,
				1827BEAA1D23A3ED00B1440B /* ZRBuyBookViewCell.m in Sources */,
				18858E1E1D2368770014AC2D /* ZROrderViewCell.m in Sources */,
				18D6131F1D1D4F75008E94D0 /* UIView+ZRExtension.m in Sources */,
				18D613251D1D5F0F008E94D0 /* ZRBuyViewController.m in Sources */,
				182857F71D1E98500050DFCA /* ZRGroupHeaderView.m in Sources */,
				182857EE1D1E62870050DFCA /* ZRPersonalTableViewCell.m in Sources */,
				18D613191D1D4CD2008E94D0 /* ZRMainNavigation.m in Sources */,
				18D12D571D222A3400B77B86 /* ZRGoods.m in Sources */,
				18D613131D1D2246008E94D0 /* ZRBookViewController.m in Sources */,
				188DC6F01D25298D00AADE65 /* ZRHomeViewCell.m in Sources */,
				18D613281D1D5F3A008E94D0 /* ZRProfileViewController.m in Sources */,
				18858E171D2363330014AC2D /* ZROrderViewController.m in Sources */,
				1827BEAF1D23A42A00B1440B /* ZRBookIntroViewCell.m in Sources */,
				1827BEB41D23A50F00B1440B /* ZRJudgeViewCell.m in Sources */,
				182857E91D1E255A0050DFCA /* ZRTableViewCell.m in Sources */,
			);
			runOnlyForDeploymentPostprocessing = 0;
		};
/* End PBXSourcesBuildPhase section */

/* Begin PBXVariantGroup section */
		18D612D01D1D1BF0008E94D0 /* LaunchScreen.storyboard */ = {
			isa = PBXVariantGroup;
			children = (
				18D612D11D1D1BF0008E94D0 /* Base */,
			);
			name = LaunchScreen.storyboard;
			sourceTree = "<group>";
		};
/* End PBXVariantGroup section */

/* Begin XCBuildConfiguration section */
		18D612D41D1D1BF0008E94D0 /* Debug */ = {
			isa = XCBuildConfiguration;
			buildSettings = {
				ALWAYS_SEARCH_USER_PATHS = NO;
				CLANG_CXX_LANGUAGE_STANDARD = "gnu++0x";
				CLANG_CXX_LIBRARY = "libc++";
				CLANG_ENABLE_MODULES = YES;
				CLANG_ENABLE_OBJC_ARC = YES;
				CLANG_WARN_BOOL_CONVERSION = YES;
				CLANG_WARN_CONSTANT_CONVERSION = YES;
				CLANG_WARN_DIRECT_OBJC_ISA_USAGE = YES_ERROR;
				CLANG_WARN_EMPTY_BODY = YES;
				CLANG_WARN_ENUM_CONVERSION = YES;
				CLANG_WARN_INT_CONVERSION = YES;
				CLANG_WARN_OBJC_ROOT_CLASS = YES_ERROR;
				CLANG_WARN_UNREACHABLE_CODE = YES;
				CLANG_WARN__DUPLICATE_METHOD_MATCH = YES;
				"CODE_SIGN_IDENTITY[sdk=iphoneos*]" = "iPhone Developer";
				COPY_PHASE_STRIP = NO;
				DEBUG_INFORMATION_FORMAT = dwarf;
				ENABLE_STRICT_OBJC_MSGSEND = YES;
				ENABLE_TESTABILITY = YES;
				GCC_C_LANGUAGE_STANDARD = gnu99;
				GCC_DYNAMIC_NO_PIC = NO;
				GCC_NO_COMMON_BLOCKS = YES;
				GCC_OPTIMIZATION_LEVEL = 0;
				GCC_PREPROCESSOR_DEFINITIONS = (
					"DEBUG=1",
					"$(inherited)",
				);
				GCC_WARN_64_TO_32_BIT_CONVERSION = YES;
				GCC_WARN_ABOUT_RETURN_TYPE = YES_ERROR;
				GCC_WARN_UNDECLARED_SELECTOR = YES;
				GCC_WARN_UNINITIALIZED_AUTOS = YES_AGGRESSIVE;
				GCC_WARN_UNUSED_FUNCTION = YES;
				GCC_WARN_UNUSED_VARIABLE = YES;
				IPHONEOS_DEPLOYMENT_TARGET = 9.2;
				MTL_ENABLE_DEBUG_INFO = YES;
				ONLY_ACTIVE_ARCH = YES;
				SDKROOT = iphoneos;
			};
			name = Debug;
		};
		18D612D51D1D1BF0008E94D0 /* Release */ = {
			isa = XCBuildConfiguration;
			buildSettings = {
				ALWAYS_SEARCH_USER_PATHS = NO;
				CLANG_CXX_LANGUAGE_STANDARD = "gnu++0x";
				CLANG_CXX_LIBRARY = "libc++";
				CLANG_ENABLE_MODULES = YES;
				CLANG_ENABLE_OBJC_ARC = YES;
				CLANG_WARN_BOOL_CONVERSION = YES;
				CLANG_WARN_CONSTANT_CONVERSION = YES;
				CLANG_WARN_DIRECT_OBJC_ISA_USAGE = YES_ERROR;
				CLANG_WARN_EMPTY_BODY = YES;
				CLANG_WARN_ENUM_CONVERSION = YES;
				CLANG_WARN_INT_CONVERSION = YES;
				CLANG_WARN_OBJC_ROOT_CLASS = YES_ERROR;
				CLANG_WARN_UNREACHABLE_CODE = YES;
				CLANG_WARN__DUPLICATE_METHOD_MATCH = YES;
				"CODE_SIGN_IDENTITY[sdk=iphoneos*]" = "iPhone Developer";
				COPY_PHASE_STRIP = NO;
				DEBUG_INFORMATION_FORMAT = "dwarf-with-dsym";
				ENABLE_NS_ASSERTIONS = NO;
				ENABLE_STRICT_OBJC_MSGSEND = YES;
				GCC_C_LANGUAGE_STANDARD = gnu99;
				GCC_NO_COMMON_BLOCKS = YES;
				GCC_WARN_64_TO_32_BIT_CONVERSION = YES;
				GCC_WARN_ABOUT_RETURN_TYPE = YES_ERROR;
				GCC_WARN_UNDECLARED_SELECTOR = YES;
				GCC_WARN_UNINITIALIZED_AUTOS = YES_AGGRESSIVE;
				GCC_WARN_UNUSED_FUNCTION = YES;
				GCC_WARN_UNUSED_VARIABLE = YES;
				IPHONEOS_DEPLOYMENT_TARGET = 9.2;
				MTL_ENABLE_DEBUG_INFO = NO;
				SDKROOT = iphoneos;
				VALIDATE_PRODUCT = YES;
			};
			name = Release;
		};
		18D612D71D1D1BF0008E94D0 /* Debug */ = {
			isa = XCBuildConfiguration;
			buildSettings = {
				ASSETCATALOG_COMPILER_APPICON_NAME = AppIcon;
				INFOPLIST_FILE = shushu/Info.plist;
				LD_RUNPATH_SEARCH_PATHS = "$(inherited) @executable_path/Frameworks";
				PRODUCT_BUNDLE_IDENTIFIER = apple.shushu;
				PRODUCT_NAME = "$(TARGET_NAME)";
			};
			name = Debug;
		};
		18D612D81D1D1BF0008E94D0 /* Release */ = {
			isa = XCBuildConfiguration;
			buildSettings = {
				ASSETCATALOG_COMPILER_APPICON_NAME = AppIcon;
				INFOPLIST_FILE = shushu/Info.plist;
				LD_RUNPATH_SEARCH_PATHS = "$(inherited) @executable_path/Frameworks";
				PRODUCT_BUNDLE_IDENTIFIER = apple.shushu;
				PRODUCT_NAME = "$(TARGET_NAME)";
			};
			name = Release;
		};
/* End XCBuildConfiguration section */

/* Begin XCConfigurationList section */
		18D612BA1D1D1BF0008E94D0 /* Build configuration list for PBXProject "shushu" */ = {
			isa = XCConfigurationList;
			buildConfigurations = (
				18D612D41D1D1BF0008E94D0 /* Debug */,
				18D612D51D1D1BF0008E94D0 /* Release */,
			);
			defaultConfigurationIsVisible = 0;
			defaultConfigurationName = Release;
		};
		18D612D61D1D1BF0008E94D0 /* Build configuration list for PBXNativeTarget "shushu" */ = {
			isa = XCConfigurationList;
			buildConfigurations = (
				18D612D71D1D1BF0008E94D0 /* Debug */,
				18D612D81D1D1BF0008E94D0 /* Release */,
			);
			defaultConfigurationIsVisible = 0;
			defaultConfigurationName = Release;
		};
/* End XCConfigurationList section */
	};
	rootObject = 18D612B71D1D1BF0008E94D0 /* Project object */;
}
