// !$*UTF8*$!
{
	archiveVersion = 1;
	classes = {
	};
	objectVersion = 46;
	objects = {

/* Begin PBXBuildFile section */
		1827BEA61D23A35700B1440B /* ZRInfoViewController.m in Sources */ = {isa = PBXBuildFile; fileRef = 1827BEA51D23A35700B1440B /* ZRInfoViewController.m */; };
		1827BEAA1D23A3ED00B1440B /* ZRBuyBookViewCell.m in Sources */ = {isa = PBXBuildFile; fileRef = 1827BEA81D23A3ED00B1440B /* ZRBuyBookViewCell.m */; };
		1827BEAB1D23A3ED00B1440B /* ZRBuyBookViewCell.xib in Resources */ = {isa = PBXBuildFile; fileRef = 1827BEA91D23A3ED00B1440B /* ZRBuyBookViewCell.xib */; };
		1827BEAF1D23A42A00B1440B /* ZRBookIntroViewCell.m in Sources */ = {isa = PBXBuildFile; fileRef = 1827BEAD1D23A42A00B1440B /* ZRBookIntroViewCell.m */; };
		1827BEB01D23A42A00B1440B /* ZRBookIntroViewCell.xib in Resources */ = {isa = PBXBuildFile; fileRef = 1827BEAE1D23A42A00B1440B /* ZRBookIntroViewCell.xib */; };
		1827BEB41D23A50F00B1440B /* ZRJudgeViewCell.m in Sources */ = {isa = PBXBuildFile; fileRef = 1827BEB21D23A50F00B1440B /* ZRJudgeViewCell.m */; };
		1827BEB51D23A50F00B1440B /* ZRJudgeViewCell.xib in Resources */ = {isa = PBXBuildFile; fileRef = 1827BEB31D23A50F00B1440B /* ZRJudgeViewCell.xib */; };
		182857E91D1E255A0050DFCA /* ZRTableViewCell.m in Sources */ = {isa = PBXBuildFile; fileRef = 182857E71D1E255A0050DFCA /* ZRTableViewCell.m */; };
		182857EA1D1E255A0050DFCA /* ZRTableViewCell.xib in Resources */ = {isa = PBXBuildFile; fileRef = 182857E81D1E255A0050DFCA /* ZRTableViewCell.xib */; };
		182857EE1D1E62870050DFCA /* ZRPersonalTableViewCell.m in Sources */ = {isa = PBXBuildFile; fileRef = 182857EC1D1E62870050DFCA /* ZRPersonalTableViewCell.m */; };
		182857EF1D1E62870050DFCA /* ZRPersonalTableViewCell.xib in Resources */ = {isa = PBXBuildFile; fileRef = 182857ED1D1E62870050DFCA /* ZRPersonalTableViewCell.xib */; };
		182857F71D1E98500050DFCA /* ZRGroupHeaderView.m in Sources */ = {isa = PBXBuildFile; fileRef = 182857F61D1E98500050DFCA /* ZRGroupHeaderView.m */; };
		183725351D2B6D6C00030FA5 /* ZRUserTool.m in Sources */ = {isa = PBXBuildFile; fileRef = 183725341D2B6D6C00030FA5 /* ZRUserTool.m */; };
		183725391D2B9F9F00030FA5 /* ZRAddressViewCell.m in Sources */ = {isa = PBXBuildFile; fileRef = 183725371D2B9F9F00030FA5 /* ZRAddressViewCell.m */; };
		1837253A1D2B9F9F00030FA5 /* ZRAddressViewCell.xib in Resources */ = {isa = PBXBuildFile; fileRef = 183725381D2B9F9F00030FA5 /* ZRAddressViewCell.xib */; };
		186778B21D2BD945006476F3 /* ZRLoginView.xib in Resources */ = {isa = PBXBuildFile; fileRef = 186778B11D2BD945006476F3 /* ZRLoginView.xib */; };
		187AB3E91D26086600C90F31 /* ZRStoreViewController.m in Sources */ = {isa = PBXBuildFile; fileRef = 187AB3E81D26086600C90F31 /* ZRStoreViewController.m */; };
		187AB3ED1D2608CA00C90F31 /* ZRStoreViewCell.m in Sources */ = {isa = PBXBuildFile; fileRef = 187AB3EB1D2608CA00C90F31 /* ZRStoreViewCell.m */; };
		187AB3EE1D2608CA00C90F31 /* ZRStoreViewCell.xib in Resources */ = {isa = PBXBuildFile; fileRef = 187AB3EC1D2608CA00C90F31 /* ZRStoreViewCell.xib */; };
		187AB3F01D26277900C90F31 /* AVFoundation.framework in Frameworks */ = {isa = PBXBuildFile; fileRef = 187AB3EF1D26277900C90F31 /* AVFoundation.framework */; };
		187AB3F81D2628E400C90F31 /* ZRUploadViewController.m in Sources */ = {isa = PBXBuildFile; fileRef = 187AB3F61D2628E400C90F31 /* ZRUploadViewController.m */; };
		187AB3F91D2628E400C90F31 /* ZRUploadViewController.xib in Resources */ = {isa = PBXBuildFile; fileRef = 187AB3F71D2628E400C90F31 /* ZRUploadViewController.xib */; };
		18858E171D2363330014AC2D /* ZROrderViewController.m in Sources */ = {isa = PBXBuildFile; fileRef = 18858E161D2363330014AC2D /* ZROrderViewController.m */; };
		18858E1E1D2368770014AC2D /* ZROrderViewCell.m in Sources */ = {isa = PBXBuildFile; fileRef = 18858E1C1D2368770014AC2D /* ZROrderViewCell.m */; };
		18858E1F1D2368770014AC2D /* ZROrderViewCell.xib in Resources */ = {isa = PBXBuildFile; fileRef = 18858E1D1D2368770014AC2D /* ZROrderViewCell.xib */; };
		188DC6F01D25298D00AADE65 /* ZRHomeViewCell.m in Sources */ = {isa = PBXBuildFile; fileRef = 188DC6EE1D25298D00AADE65 /* ZRHomeViewCell.m */; };
		188DC6F11D25298D00AADE65 /* ZRHomeViewCell.xib in Resources */ = {isa = PBXBuildFile; fileRef = 188DC6EF1D25298D00AADE65 /* ZRHomeViewCell.xib */; };
		18C6E1FF1D289C6C005D3FFE /* ZRPayViewCell.m in Sources */ = {isa = PBXBuildFile; fileRef = 18C6E1FD1D289C6C005D3FFE /* ZRPayViewCell.m */; };
		18C6E2001D289C6C005D3FFE /* ZRPayViewCell.xib in Resources */ = {isa = PBXBuildFile; fileRef = 18C6E1FE1D289C6C005D3FFE /* ZRPayViewCell.xib */; };
		18C8CBCC1D265090007F419E /* AFHTTPRequestOperation.m in Sources */ = {isa = PBXBuildFile; fileRef = 18C8CBBA1D265090007F419E /* AFHTTPRequestOperation.m */; };
		18C8CBCD1D265090007F419E /* AFHTTPRequestOperationManager.m in Sources */ = {isa = PBXBuildFile; fileRef = 18C8CBBC1D265090007F419E /* AFHTTPRequestOperationManager.m */; };
		18C8CBCE1D265090007F419E /* AFHTTPSessionManager.m in Sources */ = {isa = PBXBuildFile; fileRef = 18C8CBBE1D265090007F419E /* AFHTTPSessionManager.m */; };
		18C8CBCF1D265090007F419E /* AFNetworkReachabilityManager.m in Sources */ = {isa = PBXBuildFile; fileRef = 18C8CBC11D265090007F419E /* AFNetworkReachabilityManager.m */; };
		18C8CBD01D265090007F419E /* AFSecurityPolicy.m in Sources */ = {isa = PBXBuildFile; fileRef = 18C8CBC31D265090007F419E /* AFSecurityPolicy.m */; };
		18C8CBD11D265090007F419E /* AFURLConnectionOperation.m in Sources */ = {isa = PBXBuildFile; fileRef = 18C8CBC51D265090007F419E /* AFURLConnectionOperation.m */; };
		18C8CBD21D265090007F419E /* AFURLRequestSerialization.m in Sources */ = {isa = PBXBuildFile; fileRef = 18C8CBC71D265090007F419E /* AFURLRequestSerialization.m */; };
		18C8CBD31D265090007F419E /* AFURLResponseSerialization.m in Sources */ = {isa = PBXBuildFile; fileRef = 18C8CBC91D265090007F419E /* AFURLResponseSerialization.m */; };
		18C8CBD41D265090007F419E /* AFURLSessionManager.m in Sources */ = {isa = PBXBuildFile; fileRef = 18C8CBCB1D265090007F419E /* AFURLSessionManager.m */; };
		18C8CBF71D26583F007F419E /* MKAnnotationView+WebCache.m in Sources */ = {isa = PBXBuildFile; fileRef = 18C8CBD71D26583F007F419E /* MKAnnotationView+WebCache.m */; };
		18C8CBF81D26583F007F419E /* NSData+ImageContentType.m in Sources */ = {isa = PBXBuildFile; fileRef = 18C8CBD91D26583F007F419E /* NSData+ImageContentType.m */; };
		18C8CBF91D26583F007F419E /* SDImageCache.m in Sources */ = {isa = PBXBuildFile; fileRef = 18C8CBDB1D26583F007F419E /* SDImageCache.m */; };
		18C8CBFA1D26583F007F419E /* SDWebImageCompat.m in Sources */ = {isa = PBXBuildFile; fileRef = 18C8CBDD1D26583F007F419E /* SDWebImageCompat.m */; };
		18C8CBFB1D26583F007F419E /* SDWebImageDecoder.m in Sources */ = {isa = PBXBuildFile; fileRef = 18C8CBDF1D26583F007F419E /* SDWebImageDecoder.m */; };
		18C8CBFC1D26583F007F419E /* SDWebImageDownloader.m in Sources */ = {isa = PBXBuildFile; fileRef = 18C8CBE11D26583F007F419E /* SDWebImageDownloader.m */; };
		18C8CBFD1D26583F007F419E /* SDWebImageDownloaderOperation.m in Sources */ = {isa = PBXBuildFile; fileRef = 18C8CBE31D26583F007F419E /* SDWebImageDownloaderOperation.m */; };
		18C8CBFE1D26583F007F419E /* SDWebImageManager.m in Sources */ = {isa = PBXBuildFile; fileRef = 18C8CBE51D26583F007F419E /* SDWebImageManager.m */; };
		18C8CBFF1D26583F007F419E /* SDWebImagePrefetcher.m in Sources */ = {isa = PBXBuildFile; fileRef = 18C8CBE81D26583F007F419E /* SDWebImagePrefetcher.m */; };
		18C8CC001D26583F007F419E /* UIButton+WebCache.m in Sources */ = {isa = PBXBuildFile; fileRef = 18C8CBEA1D26583F007F419E /* UIButton+WebCache.m */; };
		18C8CC011D26583F007F419E /* UIImage+GIF.m in Sources */ = {isa = PBXBuildFile; fileRef = 18C8CBEC1D26583F007F419E /* UIImage+GIF.m */; };
		18C8CC021D26583F007F419E /* UIImage+MultiFormat.m in Sources */ = {isa = PBXBuildFile; fileRef = 18C8CBEE1D26583F007F419E /* UIImage+MultiFormat.m */; };
		18C8CC031D26583F007F419E /* UIImage+WebP.m in Sources */ = {isa = PBXBuildFile; fileRef = 18C8CBF01D26583F007F419E /* UIImage+WebP.m */; };
		18C8CC041D26583F007F419E /* UIImageView+HighlightedWebCache.m in Sources */ = {isa = PBXBuildFile; fileRef = 18C8CBF21D26583F007F419E /* UIImageView+HighlightedWebCache.m */; };
		18C8CC051D26583F007F419E /* UIImageView+WebCache.m in Sources */ = {isa = PBXBuildFile; fileRef = 18C8CBF41D26583F007F419E /* UIImageView+WebCache.m */; };
		18C8CC061D26583F007F419E /* UIView+WebCacheOperation.m in Sources */ = {isa = PBXBuildFile; fileRef = 18C8CBF61D26583F007F419E /* UIView+WebCacheOperation.m */; };
		18D12D571D222A3400B77B86 /* ZRGoods.m in Sources */ = {isa = PBXBuildFile; fileRef = 18D12D561D222A3400B77B86 /* ZRGoods.m */; };
		18D3D1FB1D2760CD003D5AA2 /* ZRBookInfo.m in Sources */ = {isa = PBXBuildFile; fileRef = 18D3D1FA1D2760CD003D5AA2 /* ZRBookInfo.m */; };
		18D3D2141D277760003D5AA2 /* MJArgument.m in Sources */ = {isa = PBXBuildFile; fileRef = 18D3D1FE1D277760003D5AA2 /* MJArgument.m */; };
		18D3D2151D277760003D5AA2 /* MJConst.m in Sources */ = {isa = PBXBuildFile; fileRef = 18D3D2001D277760003D5AA2 /* MJConst.m */; };
		18D3D2161D277760003D5AA2 /* MJFoundation.m in Sources */ = {isa = PBXBuildFile; fileRef = 18D3D2031D277760003D5AA2 /* MJFoundation.m */; };
		18D3D2171D277760003D5AA2 /* MJIvar.m in Sources */ = {isa = PBXBuildFile; fileRef = 18D3D2051D277760003D5AA2 /* MJIvar.m */; };
		18D3D2181D277760003D5AA2 /* MJMember.m in Sources */ = {isa = PBXBuildFile; fileRef = 18D3D2071D277760003D5AA2 /* MJMember.m */; };
		18D3D2191D277760003D5AA2 /* MJMethod.m in Sources */ = {isa = PBXBuildFile; fileRef = 18D3D2091D277760003D5AA2 /* MJMethod.m */; };
		18D3D21A1D277760003D5AA2 /* MJType.m in Sources */ = {isa = PBXBuildFile; fileRef = 18D3D20B1D277760003D5AA2 /* MJType.m */; };
		18D3D21B1D277760003D5AA2 /* MJTypeEncoding.m in Sources */ = {isa = PBXBuildFile; fileRef = 18D3D20D1D277760003D5AA2 /* MJTypeEncoding.m */; };
		18D3D21C1D277760003D5AA2 /* NSObject+MJCoding.m in Sources */ = {isa = PBXBuildFile; fileRef = 18D3D20F1D277760003D5AA2 /* NSObject+MJCoding.m */; };
		18D3D21D1D277760003D5AA2 /* NSObject+MJKeyValue.m in Sources */ = {isa = PBXBuildFile; fileRef = 18D3D2111D277760003D5AA2 /* NSObject+MJKeyValue.m */; };
		18D3D21E1D277760003D5AA2 /* NSObject+MJMember.m in Sources */ = {isa = PBXBuildFile; fileRef = 18D3D2131D277760003D5AA2 /* NSObject+MJMember.m */; };
		18D3D2211D2786B2003D5AA2 /* ZRBookAllInfo.m in Sources */ = {isa = PBXBuildFile; fileRef = 18D3D2201D2786B2003D5AA2 /* ZRBookAllInfo.m */; };
		18D3D2241D278ABB003D5AA2 /* ZRBookTip.m in Sources */ = {isa = PBXBuildFile; fileRef = 18D3D2231D278ABB003D5AA2 /* ZRBookTip.m */; };
		18D3D22C1D27A08A003D5AA2 /* ZRLoginView.m in Sources */ = {isa = PBXBuildFile; fileRef = 18D3D22A1D27A08A003D5AA2 /* ZRLoginView.m */; };
		18D3D2301D27A5E3003D5AA2 /* ZRUser.m in Sources */ = {isa = PBXBuildFile; fileRef = 18D3D22F1D27A5E3003D5AA2 /* ZRUser.m */; };
		18D3D2331D27EAC5003D5AA2 /* ZRGoodInfo.m in Sources */ = {isa = PBXBuildFile; fileRef = 18D3D2321D27EAC5003D5AA2 /* ZRGoodInfo.m */; };
		18D612CF1D1D1BF0008E94D0 /* Assets.xcassets in Resources */ = {isa = PBXBuildFile; fileRef = 18D612CE1D1D1BF0008E94D0 /* Assets.xcassets */; };
		18D612D21D1D1BF0008E94D0 /* LaunchScreen.storyboard in Resources */ = {isa = PBXBuildFile; fileRef = 18D612D01D1D1BF0008E94D0 /* LaunchScreen.storyboard */; };
		18D612E81D1D1EBD008E94D0 /* AppDelegate.m in Sources */ = {isa = PBXBuildFile; fileRef = 18D612E41D1D1EBD008E94D0 /* AppDelegate.m */; };
		18D612E91D1D1EBD008E94D0 /* main.m in Sources */ = {isa = PBXBuildFile; fileRef = 18D612E51D1D1EBD008E94D0 /* main.m */; };
		18D613071D1D217D008E94D0 /* ZRHomeViewController.m in Sources */ = {isa = PBXBuildFile; fileRef = 18D613061D1D217D008E94D0 /* ZRHomeViewController.m */; };
		18D613131D1D2246008E94D0 /* ZRBookViewController.m in Sources */ = {isa = PBXBuildFile; fileRef = 18D613121D1D2246008E94D0 /* ZRBookViewController.m */; };
		18D613191D1D4CD2008E94D0 /* ZRMainNavigation.m in Sources */ = {isa = PBXBuildFile; fileRef = 18D613181D1D4CD2008E94D0 /* ZRMainNavigation.m */; };
		18D6131F1D1D4F75008E94D0 /* UIView+ZRExtension.m in Sources */ = {isa = PBXBuildFile; fileRef = 18D6131E1D1D4F75008E94D0 /* UIView+ZRExtension.m */; };
		18D613221D1D54B8008E94D0 /* ZRTabbarController.m in Sources */ = {isa = PBXBuildFile; fileRef = 18D613211D1D54B8008E94D0 /* ZRTabbarController.m */; };
		18D613251D1D5F0F008E94D0 /* ZRBuyViewController.m in Sources */ = {isa = PBXBuildFile; fileRef = 18D613241D1D5F0F008E94D0 /* ZRBuyViewController.m */; };
		18D613281D1D5F3A008E94D0 /* ZRProfileViewController.m in Sources */ = {isa = PBXBuildFile; fileRef = 18D613271D1D5F3A008E94D0 /* ZRProfileViewController.m */; };
		18D6132B1D1D634C008E94D0 /* ZRSearchBar.m in Sources */ = {isa = PBXBuildFile; fileRef = 18D6132A1D1D634C008E94D0 /* ZRSearchBar.m */; };
		18DF304B1D2F8291000B564C /* ZRShowView.m in Sources */ = {isa = PBXBuildFile; fileRef = 18DF304A1D2F8291000B564C /* ZRShowView.m */; };
		18F1586B1D1F673A00DC6C43 /* ZRBuyViewCell.m in Sources */ = {isa = PBXBuildFile; fileRef = 18F158691D1F673A00DC6C43 /* ZRBuyViewCell.m */; };
		18F158701D1FE08A00DC6C43 /* ZRBuyViewCell.xib in Resources */ = {isa = PBXBuildFile; fileRef = 18F1586F1D1FE08A00DC6C43 /* ZRBuyViewCell.xib */; };
		18F158731D1FE0FC00DC6C43 /* ZRBuyHeaderView.m in Sources */ = {isa = PBXBuildFile; fileRef = 18F158721D1FE0FC00DC6C43 /* ZRBuyHeaderView.m */; };
/* End PBXBuildFile section */

/* Begin PBXFileReference section */
		1827BEA41D23A35700B1440B /* ZRInfoViewController.h */ = {isa = PBXFileReference; fileEncoding = 4; lastKnownFileType = sourcecode.c.h; path = ZRInfoViewController.h; sourceTree = "<group>"; };
		1827BEA51D23A35700B1440B /* ZRInfoViewController.m */ = {isa = PBXFileReference; fileEncoding = 4; lastKnownFileType = sourcecode.c.objc; path = ZRInfoViewController.m; sourceTree = "<group>"; };
		1827BEA71D23A3ED00B1440B /* ZRBuyBookViewCell.h */ = {isa = PBXFileReference; fileEncoding = 4; lastKnownFileType = sourcecode.c.h; path = ZRBuyBookViewCell.h; sourceTree = "<group>"; };
		1827BEA81D23A3ED00B1440B /* ZRBuyBookViewCell.m */ = {isa = PBXFileReference; fileEncoding = 4; lastKnownFileType = sourcecode.c.objc; path = ZRBuyBookViewCell.m; sourceTree = "<group>"; };
		1827BEA91D23A3ED00B1440B /* ZRBuyBookViewCell.xib */ = {isa = PBXFileReference; fileEncoding = 4; lastKnownFileType = file.xib; path = ZRBuyBookViewCell.xib; sourceTree = "<group>"; };
		1827BEAC1D23A42A00B1440B /* ZRBookIntroViewCell.h */ = {isa = PBXFileReference; fileEncoding = 4; lastKnownFileType = sourcecode.c.h; path = ZRBookIntroViewCell.h; sourceTree = "<group>"; };
		1827BEAD1D23A42A00B1440B /* ZRBookIntroViewCell.m */ = {isa = PBXFileReference; fileEncoding = 4; lastKnownFileType = sourcecode.c.objc; path = ZRBookIntroViewCell.m; sourceTree = "<group>"; };
		1827BEAE1D23A42A00B1440B /* ZRBookIntroViewCell.xib */ = {isa = PBXFileReference; fileEncoding = 4; lastKnownFileType = file.xib; path = ZRBookIntroViewCell.xib; sourceTree = "<group>"; };
		1827BEB11D23A50F00B1440B /* ZRJudgeViewCell.h */ = {isa = PBXFileReference; fileEncoding = 4; lastKnownFileType = sourcecode.c.h; path = ZRJudgeViewCell.h; sourceTree = "<group>"; };
		1827BEB21D23A50F00B1440B /* ZRJudgeViewCell.m */ = {isa = PBXFileReference; fileEncoding = 4; lastKnownFileType = sourcecode.c.objc; path = ZRJudgeViewCell.m; sourceTree = "<group>"; };
		1827BEB31D23A50F00B1440B /* ZRJudgeViewCell.xib */ = {isa = PBXFileReference; fileEncoding = 4; lastKnownFileType = file.xib; path = ZRJudgeViewCell.xib; sourceTree = "<group>"; };
		182857E61D1E255A0050DFCA /* ZRTableViewCell.h */ = {isa = PBXFileReference; fileEncoding = 4; lastKnownFileType = sourcecode.c.h; path = ZRTableViewCell.h; sourceTree = "<group>"; };
		182857E71D1E255A0050DFCA /* ZRTableViewCell.m */ = {isa = PBXFileReference; fileEncoding = 4; lastKnownFileType = sourcecode.c.objc; path = ZRTableViewCell.m; sourceTree = "<group>"; };
		182857E81D1E255A0050DFCA /* ZRTableViewCell.xib */ = {isa = PBXFileReference; fileEncoding = 4; lastKnownFileType = file.xib; path = ZRTableViewCell.xib; sourceTree = "<group>"; };
		182857EB1D1E62870050DFCA /* ZRPersonalTableViewCell.h */ = {isa = PBXFileReference; fileEncoding = 4; lastKnownFileType = sourcecode.c.h; path = ZRPersonalTableViewCell.h; sourceTree = "<group>"; };
		182857EC1D1E62870050DFCA /* ZRPersonalTableViewCell.m */ = {isa = PBXFileReference; fileEncoding = 4; lastKnownFileType = sourcecode.c.objc; path = ZRPersonalTableViewCell.m; sourceTree = "<group>"; };
		182857ED1D1E62870050DFCA /* ZRPersonalTableViewCell.xib */ = {isa = PBXFileReference; fileEncoding = 4; lastKnownFileType = file.xib; path = ZRPersonalTableViewCell.xib; sourceTree = "<group>"; };
		182857F51D1E98500050DFCA /* ZRGroupHeaderView.h */ = {isa = PBXFileReference; fileEncoding = 4; lastKnownFileType = sourcecode.c.h; path = ZRGroupHeaderView.h; sourceTree = "<group>"; };
		182857F61D1E98500050DFCA /* ZRGroupHeaderView.m */ = {isa = PBXFileReference; fileEncoding = 4; lastKnownFileType = sourcecode.c.objc; path = ZRGroupHeaderView.m; sourceTree = "<group>"; };
		183725331D2B6D6C00030FA5 /* ZRUserTool.h */ = {isa = PBXFileReference; fileEncoding = 4; lastKnownFileType = sourcecode.c.h; path = ZRUserTool.h; sourceTree = "<group>"; };
		183725341D2B6D6C00030FA5 /* ZRUserTool.m */ = {isa = PBXFileReference; fileEncoding = 4; lastKnownFileType = sourcecode.c.objc; path = ZRUserTool.m; sourceTree = "<group>"; };
		183725361D2B9F9F00030FA5 /* ZRAddressViewCell.h */ = {isa = PBXFileReference; fileEncoding = 4; lastKnownFileType = sourcecode.c.h; path = ZRAddressViewCell.h; sourceTree = "<group>"; };
		183725371D2B9F9F00030FA5 /* ZRAddressViewCell.m */ = {isa = PBXFileReference; fileEncoding = 4; lastKnownFileType = sourcecode.c.objc; path = ZRAddressViewCell.m; sourceTree = "<group>"; };
		183725381D2B9F9F00030FA5 /* ZRAddressViewCell.xib */ = {isa = PBXFileReference; fileEncoding = 4; lastKnownFileType = file.xib; path = ZRAddressViewCell.xib; sourceTree = "<group>"; };
		186778B11D2BD945006476F3 /* ZRLoginView.xib */ = {isa = PBXFileReference; fileEncoding = 4; lastKnownFileType = file.xib; path = ZRLoginView.xib; sourceTree = "<group>"; };
		187AB3E71D26086600C90F31 /* ZRStoreViewController.h */ = {isa = PBXFileReference; fileEncoding = 4; lastKnownFileType = sourcecode.c.h; path = ZRStoreViewController.h; sourceTree = "<group>"; };
		187AB3E81D26086600C90F31 /* ZRStoreViewController.m */ = {isa = PBXFileReference; fileEncoding = 4; lastKnownFileType = sourcecode.c.objc; path = ZRStoreViewController.m; sourceTree = "<group>"; };
		187AB3EA1D2608CA00C90F31 /* ZRStoreViewCell.h */ = {isa = PBXFileReference; fileEncoding = 4; lastKnownFileType = sourcecode.c.h; path = ZRStoreViewCell.h; sourceTree = "<group>"; };
		187AB3EB1D2608CA00C90F31 /* ZRStoreViewCell.m */ = {isa = PBXFileReference; fileEncoding = 4; lastKnownFileType = sourcecode.c.objc; path = ZRStoreViewCell.m; sourceTree = "<group>"; };
		187AB3EC1D2608CA00C90F31 /* ZRStoreViewCell.xib */ = {isa = PBXFileReference; fileEncoding = 4; lastKnownFileType = file.xib; path = ZRStoreViewCell.xib; sourceTree = "<group>"; };
		187AB3EF1D26277900C90F31 /* AVFoundation.framework */ = {isa = PBXFileReference; lastKnownFileType = wrapper.framework; name = AVFoundation.framework; path = System/Library/Frameworks/AVFoundation.framework; sourceTree = SDKROOT; };
		187AB3F51D2628E400C90F31 /* ZRUploadViewController.h */ = {isa = PBXFileReference; fileEncoding = 4; lastKnownFileType = sourcecode.c.h; path = ZRUploadViewController.h; sourceTree = "<group>"; };
		187AB3F61D2628E400C90F31 /* ZRUploadViewController.m */ = {isa = PBXFileReference; fileEncoding = 4; lastKnownFileType = sourcecode.c.objc; path = ZRUploadViewController.m; sourceTree = "<group>"; };
		187AB3F71D2628E400C90F31 /* ZRUploadViewController.xib */ = {isa = PBXFileReference; fileEncoding = 4; lastKnownFileType = file.xib; path = ZRUploadViewController.xib; sourceTree = "<group>"; };
		18858E151D2363330014AC2D /* ZROrderViewController.h */ = {isa = PBXFileReference; fileEncoding = 4; lastKnownFileType = sourcecode.c.h; path = ZROrderViewController.h; sourceTree = "<group>"; };
		18858E161D2363330014AC2D /* ZROrderViewController.m */ = {isa = PBXFileReference; fileEncoding = 4; lastKnownFileType = sourcecode.c.objc; path = ZROrderViewController.m; sourceTree = "<group>"; };
		18858E1B1D2368770014AC2D /* ZROrderViewCell.h */ = {isa = PBXFileReference; fileEncoding = 4; lastKnownFileType = sourcecode.c.h; path = ZROrderViewCell.h; sourceTree = "<group>"; };
		18858E1C1D2368770014AC2D /* ZROrderViewCell.m */ = {isa = PBXFileReference; fileEncoding = 4; lastKnownFileType = sourcecode.c.objc; path = ZROrderViewCell.m; sourceTree = "<group>"; };
		18858E1D1D2368770014AC2D /* ZROrderViewCell.xib */ = {isa = PBXFileReference; fileEncoding = 4; lastKnownFileType = file.xib; path = ZROrderViewCell.xib; sourceTree = "<group>"; };
		188DC6ED1D25298D00AADE65 /* ZRHomeViewCell.h */ = {isa = PBXFileReference; fileEncoding = 4; lastKnownFileType = sourcecode.c.h; path = ZRHomeViewCell.h; sourceTree = "<group>"; };
		188DC6EE1D25298D00AADE65 /* ZRHomeViewCell.m */ = {isa = PBXFileReference; fileEncoding = 4; lastKnownFileType = sourcecode.c.objc; path = ZRHomeViewCell.m; sourceTree = "<group>"; };
		188DC6EF1D25298D00AADE65 /* ZRHomeViewCell.xib */ = {isa = PBXFileReference; fileEncoding = 4; lastKnownFileType = file.xib; path = ZRHomeViewCell.xib; sourceTree = "<group>"; };
		18C6E1FC1D289C6C005D3FFE /* ZRPayViewCell.h */ = {isa = PBXFileReference; fileEncoding = 4; lastKnownFileType = sourcecode.c.h; path = ZRPayViewCell.h; sourceTree = "<group>"; };
		18C6E1FD1D289C6C005D3FFE /* ZRPayViewCell.m */ = {isa = PBXFileReference; fileEncoding = 4; lastKnownFileType = sourcecode.c.objc; path = ZRPayViewCell.m; sourceTree = "<group>"; };
		18C6E1FE1D289C6C005D3FFE /* ZRPayViewCell.xib */ = {isa = PBXFileReference; fileEncoding = 4; lastKnownFileType = file.xib; path = ZRPayViewCell.xib; sourceTree = "<group>"; };
		18C8CBB91D265090007F419E /* AFHTTPRequestOperation.h */ = {isa = PBXFileReference; fileEncoding = 4; lastKnownFileType = sourcecode.c.h; path = AFHTTPRequestOperation.h; sourceTree = "<group>"; };
		18C8CBBA1D265090007F419E /* AFHTTPRequestOperation.m */ = {isa = PBXFileReference; fileEncoding = 4; lastKnownFileType = sourcecode.c.objc; path = AFHTTPRequestOperation.m; sourceTree = "<group>"; };
		18C8CBBB1D265090007F419E /* AFHTTPRequestOperationManager.h */ = {isa = PBXFileReference; fileEncoding = 4; lastKnownFileType = sourcecode.c.h; path = AFHTTPRequestOperationManager.h; sourceTree = "<group>"; };
		18C8CBBC1D265090007F419E /* AFHTTPRequestOperationManager.m */ = {isa = PBXFileReference; fileEncoding = 4; lastKnownFileType = sourcecode.c.objc; path = AFHTTPRequestOperationManager.m; sourceTree = "<group>"; };
		18C8CBBD1D265090007F419E /* AFHTTPSessionManager.h */ = {isa = PBXFileReference; fileEncoding = 4; lastKnownFileType = sourcecode.c.h; path = AFHTTPSessionManager.h; sourceTree = "<group>"; };
		18C8CBBE1D265090007F419E /* AFHTTPSessionManager.m */ = {isa = PBXFileReference; fileEncoding = 4; lastKnownFileType = sourcecode.c.objc; path = AFHTTPSessionManager.m; sourceTree = "<group>"; };
		18C8CBBF1D265090007F419E /* AFNetworking.h */ = {isa = PBXFileReference; fileEncoding = 4; lastKnownFileType = sourcecode.c.h; path = AFNetworking.h; sourceTree = "<group>"; };
		18C8CBC01D265090007F419E /* AFNetworkReachabilityManager.h */ = {isa = PBXFileReference; fileEncoding = 4; lastKnownFileType = sourcecode.c.h; path = AFNetworkReachabilityManager.h; sourceTree = "<group>"; };
		18C8CBC11D265090007F419E /* AFNetworkReachabilityManager.m */ = {isa = PBXFileReference; fileEncoding = 4; lastKnownFileType = sourcecode.c.objc; path = AFNetworkReachabilityManager.m; sourceTree = "<group>"; };
		18C8CBC21D265090007F419E /* AFSecurityPolicy.h */ = {isa = PBXFileReference; fileEncoding = 4; lastKnownFileType = sourcecode.c.h; path = AFSecurityPolicy.h; sourceTree = "<group>"; };
		18C8CBC31D265090007F419E /* AFSecurityPolicy.m */ = {isa = PBXFileReference; fileEncoding = 4; lastKnownFileType = sourcecode.c.objc; path = AFSecurityPolicy.m; sourceTree = "<group>"; };
		18C8CBC41D265090007F419E /* AFURLConnectionOperation.h */ = {isa = PBXFileReference; fileEncoding = 4; lastKnownFileType = sourcecode.c.h; path = AFURLConnectionOperation.h; sourceTree = "<group>"; };
		18C8CBC51D265090007F419E /* AFURLConnectionOperation.m */ = {isa = PBXFileReference; fileEncoding = 4; lastKnownFileType = sourcecode.c.objc; path = AFURLConnectionOperation.m; sourceTree = "<group>"; };
		18C8CBC61D265090007F419E /* AFURLRequestSerialization.h */ = {isa = PBXFileReference; fileEncoding = 4; lastKnownFileType = sourcecode.c.h; path = AFURLRequestSerialization.h; sourceTree = "<group>"; };
		18C8CBC71D265090007F419E /* AFURLRequestSerialization.m */ = {isa = PBXFileReference; fileEncoding = 4; lastKnownFileType = sourcecode.c.objc; path = AFURLRequestSerialization.m; sourceTree = "<group>"; };
		18C8CBC81D265090007F419E /* AFURLResponseSerialization.h */ = {isa = PBXFileReference; fileEncoding = 4; lastKnownFileType = sourcecode.c.h; path = AFURLResponseSerialization.h; sourceTree = "<group>"; };
		18C8CBC91D265090007F419E /* AFURLResponseSerialization.m */ = {isa = PBXFileReference; fileEncoding = 4; lastKnownFileType = sourcecode.c.objc; path = AFURLResponseSerialization.m; sourceTree = "<group>"; };
		18C8CBCA1D265090007F419E /* AFURLSessionManager.h */ = {isa = PBXFileReference; fileEncoding = 4; lastKnownFileType = sourcecode.c.h; path = AFURLSessionManager.h; sourceTree = "<group>"; };
		18C8CBCB1D265090007F419E /* AFURLSessionManager.m */ = {isa = PBXFileReference; fileEncoding = 4; lastKnownFileType = sourcecode.c.objc; path = AFURLSessionManager.m; sourceTree = "<group>"; };
		18C8CBD61D26583F007F419E /* MKAnnotationView+WebCache.h */ = {isa = PBXFileReference; fileEncoding = 4; lastKnownFileType = sourcecode.c.h; path = "MKAnnotationView+WebCache.h"; sourceTree = "<group>"; };
		18C8CBD71D26583F007F419E /* MKAnnotationView+WebCache.m */ = {isa = PBXFileReference; fileEncoding = 4; lastKnownFileType = sourcecode.c.objc; path = "MKAnnotationView+WebCache.m"; sourceTree = "<group>"; };
		18C8CBD81D26583F007F419E /* NSData+ImageContentType.h */ = {isa = PBXFileReference; fileEncoding = 4; lastKnownFileType = sourcecode.c.h; path = "NSData+ImageContentType.h"; sourceTree = "<group>"; };
		18C8CBD91D26583F007F419E /* NSData+ImageContentType.m */ = {isa = PBXFileReference; fileEncoding = 4; lastKnownFileType = sourcecode.c.objc; path = "NSData+ImageContentType.m"; sourceTree = "<group>"; };
		18C8CBDA1D26583F007F419E /* SDImageCache.h */ = {isa = PBXFileReference; fileEncoding = 4; lastKnownFileType = sourcecode.c.h; path = SDImageCache.h; sourceTree = "<group>"; };
		18C8CBDB1D26583F007F419E /* SDImageCache.m */ = {isa = PBXFileReference; fileEncoding = 4; lastKnownFileType = sourcecode.c.objc; path = SDImageCache.m; sourceTree = "<group>"; };
		18C8CBDC1D26583F007F419E /* SDWebImageCompat.h */ = {isa = PBXFileReference; fileEncoding = 4; lastKnownFileType = sourcecode.c.h; path = SDWebImageCompat.h; sourceTree = "<group>"; };
		18C8CBDD1D26583F007F419E /* SDWebImageCompat.m */ = {isa = PBXFileReference; fileEncoding = 4; lastKnownFileType = sourcecode.c.objc; path = SDWebImageCompat.m; sourceTree = "<group>"; };
		18C8CBDE1D26583F007F419E /* SDWebImageDecoder.h */ = {isa = PBXFileReference; fileEncoding = 4; lastKnownFileType = sourcecode.c.h; path = SDWebImageDecoder.h; sourceTree = "<group>"; };
		18C8CBDF1D26583F007F419E /* SDWebImageDecoder.m */ = {isa = PBXFileReference; fileEncoding = 4; lastKnownFileType = sourcecode.c.objc; path = SDWebImageDecoder.m; sourceTree = "<group>"; };
		18C8CBE01D26583F007F419E /* SDWebImageDownloader.h */ = {isa = PBXFileReference; fileEncoding = 4; lastKnownFileType = sourcecode.c.h; path = SDWebImageDownloader.h; sourceTree = "<group>"; };
		18C8CBE11D26583F007F419E /* SDWebImageDownloader.m */ = {isa = PBXFileReference; fileEncoding = 4; lastKnownFileType = sourcecode.c.objc; path = SDWebImageDownloader.m; sourceTree = "<group>"; };
		18C8CBE21D26583F007F419E /* SDWebImageDownloaderOperation.h */ = {isa = PBXFileReference; fileEncoding = 4; lastKnownFileType = sourcecode.c.h; path = SDWebImageDownloaderOperation.h; sourceTree = "<group>"; };
		18C8CBE31D26583F007F419E /* SDWebImageDownloaderOperation.m */ = {isa = PBXFileReference; fileEncoding = 4; lastKnownFileType = sourcecode.c.objc; path = SDWebImageDownloaderOperation.m; sourceTree = "<group>"; };
		18C8CBE41D26583F007F419E /* SDWebImageManager.h */ = {isa = PBXFileReference; fileEncoding = 4; lastKnownFileType = sourcecode.c.h; path = SDWebImageManager.h; sourceTree = "<group>"; };
		18C8CBE51D26583F007F419E /* SDWebImageManager.m */ = {isa = PBXFileReference; fileEncoding = 4; lastKnownFileType = sourcecode.c.objc; path = SDWebImageManager.m; sourceTree = "<group>"; };
		18C8CBE61D26583F007F419E /* SDWebImageOperation.h */ = {isa = PBXFileReference; fileEncoding = 4; lastKnownFileType = sourcecode.c.h; path = SDWebImageOperation.h; sourceTree = "<group>"; };
		18C8CBE71D26583F007F419E /* SDWebImagePrefetcher.h */ = {isa = PBXFileReference; fileEncoding = 4; lastKnownFileType = sourcecode.c.h; path = SDWebImagePrefetcher.h; sourceTree = "<group>"; };
		18C8CBE81D26583F007F419E /* SDWebImagePrefetcher.m */ = {isa = PBXFileReference; fileEncoding = 4; lastKnownFileType = sourcecode.c.objc; path = SDWebImagePrefetcher.m; sourceTree = "<group>"; };
		18C8CBE91D26583F007F419E /* UIButton+WebCache.h */ = {isa = PBXFileReference; fileEncoding = 4; lastKnownFileType = sourcecode.c.h; path = "UIButton+WebCache.h"; sourceTree = "<group>"; };
		18C8CBEA1D26583F007F419E /* UIButton+WebCache.m */ = {isa = PBXFileReference; fileEncoding = 4; lastKnownFileType = sourcecode.c.objc; path = "UIButton+WebCache.m"; sourceTree = "<group>"; };
		18C8CBEB1D26583F007F419E /* UIImage+GIF.h */ = {isa = PBXFileReference; fileEncoding = 4; lastKnownFileType = sourcecode.c.h; path = "UIImage+GIF.h"; sourceTree = "<group>"; };
		18C8CBEC1D26583F007F419E /* UIImage+GIF.m */ = {isa = PBXFileReference; fileEncoding = 4; lastKnownFileType = sourcecode.c.objc; path = "UIImage+GIF.m"; sourceTree = "<group>"; };
		18C8CBED1D26583F007F419E /* UIImage+MultiFormat.h */ = {isa = PBXFileReference; fileEncoding = 4; lastKnownFileType = sourcecode.c.h; path = "UIImage+MultiFormat.h"; sourceTree = "<group>"; };
		18C8CBEE1D26583F007F419E /* UIImage+MultiFormat.m */ = {isa = PBXFileReference; fileEncoding = 4; lastKnownFileType = sourcecode.c.objc; path = "UIImage+MultiFormat.m"; sourceTree = "<group>"; };
		18C8CBEF1D26583F007F419E /* UIImage+WebP.h */ = {isa = PBXFileReference; fileEncoding = 4; lastKnownFileType = sourcecode.c.h; path = "UIImage+WebP.h"; sourceTree = "<group>"; };
		18C8CBF01D26583F007F419E /* UIImage+WebP.m */ = {isa = PBXFileReference; fileEncoding = 4; lastKnownFileType = sourcecode.c.objc; path = "UIImage+WebP.m"; sourceTree = "<group>"; };
		18C8CBF11D26583F007F419E /* UIImageView+HighlightedWebCache.h */ = {isa = PBXFileReference; fileEncoding = 4; lastKnownFileType = sourcecode.c.h; path = "UIImageView+HighlightedWebCache.h"; sourceTree = "<group>"; };
		18C8CBF21D26583F007F419E /* UIImageView+HighlightedWebCache.m */ = {isa = PBXFileReference; fileEncoding = 4; lastKnownFileType = sourcecode.c.objc; path = "UIImageView+HighlightedWebCache.m"; sourceTree = "<group>"; };
		18C8CBF31D26583F007F419E /* UIImageView+WebCache.h */ = {isa = PBXFileReference; fileEncoding = 4; lastKnownFileType = sourcecode.c.h; path = "UIImageView+WebCache.h"; sourceTree = "<group>"; };
		18C8CBF41D26583F007F419E /* UIImageView+WebCache.m */ = {isa = PBXFileReference; fileEncoding = 4; lastKnownFileType = sourcecode.c.objc; path = "UIImageView+WebCache.m"; sourceTree = "<group>"; };
		18C8CBF51D26583F007F419E /* UIView+WebCacheOperation.h */ = {isa = PBXFileReference; fileEncoding = 4; lastKnownFileType = sourcecode.c.h; path = "UIView+WebCacheOperation.h"; sourceTree = "<group>"; };
		18C8CBF61D26583F007F419E /* UIView+WebCacheOperation.m */ = {isa = PBXFileReference; fileEncoding = 4; lastKnownFileType = sourcecode.c.objc; path = "UIView+WebCacheOperation.m"; sourceTree = "<group>"; };
		18D12D551D222A3400B77B86 /* ZRGoods.h */ = {isa = PBXFileReference; fileEncoding = 4; lastKnownFileType = sourcecode.c.h; path = ZRGoods.h; sourceTree = "<group>"; };
		18D12D561D222A3400B77B86 /* ZRGoods.m */ = {isa = PBXFileReference; fileEncoding = 4; lastKnownFileType = sourcecode.c.objc; path = ZRGoods.m; sourceTree = "<group>"; };
		18D3D1F91D2760CD003D5AA2 /* ZRBookInfo.h */ = {isa = PBXFileReference; fileEncoding = 4; lastKnownFileType = sourcecode.c.h; path = ZRBookInfo.h; sourceTree = "<group>"; };
		18D3D1FA1D2760CD003D5AA2 /* ZRBookInfo.m */ = {isa = PBXFileReference; fileEncoding = 4; lastKnownFileType = sourcecode.c.objc; path = ZRBookInfo.m; sourceTree = "<group>"; };
		18D3D1FD1D277760003D5AA2 /* MJArgument.h */ = {isa = PBXFileReference; fileEncoding = 4; lastKnownFileType = sourcecode.c.h; path = MJArgument.h; sourceTree = "<group>"; };
		18D3D1FE1D277760003D5AA2 /* MJArgument.m */ = {isa = PBXFileReference; fileEncoding = 4; lastKnownFileType = sourcecode.c.objc; path = MJArgument.m; sourceTree = "<group>"; };
		18D3D1FF1D277760003D5AA2 /* MJConst.h */ = {isa = PBXFileReference; fileEncoding = 4; lastKnownFileType = sourcecode.c.h; path = MJConst.h; sourceTree = "<group>"; };
		18D3D2001D277760003D5AA2 /* MJConst.m */ = {isa = PBXFileReference; fileEncoding = 4; lastKnownFileType = sourcecode.c.objc; path = MJConst.m; sourceTree = "<group>"; };
		18D3D2011D277760003D5AA2 /* MJExtension.h */ = {isa = PBXFileReference; fileEncoding = 4; lastKnownFileType = sourcecode.c.h; path = MJExtension.h; sourceTree = "<group>"; };
		18D3D2021D277760003D5AA2 /* MJFoundation.h */ = {isa = PBXFileReference; fileEncoding = 4; lastKnownFileType = sourcecode.c.h; path = MJFoundation.h; sourceTree = "<group>"; };
		18D3D2031D277760003D5AA2 /* MJFoundation.m */ = {isa = PBXFileReference; fileEncoding = 4; lastKnownFileType = sourcecode.c.objc; path = MJFoundation.m; sourceTree = "<group>"; };
		18D3D2041D277760003D5AA2 /* MJIvar.h */ = {isa = PBXFileReference; fileEncoding = 4; lastKnownFileType = sourcecode.c.h; path = MJIvar.h; sourceTree = "<group>"; };
		18D3D2051D277760003D5AA2 /* MJIvar.m */ = {isa = PBXFileReference; fileEncoding = 4; lastKnownFileType = sourcecode.c.objc; path = MJIvar.m; sourceTree = "<group>"; };
		18D3D2061D277760003D5AA2 /* MJMember.h */ = {isa = PBXFileReference; fileEncoding = 4; lastKnownFileType = sourcecode.c.h; path = MJMember.h; sourceTree = "<group>"; };
		18D3D2071D277760003D5AA2 /* MJMember.m */ = {isa = PBXFileReference; fileEncoding = 4; lastKnownFileType = sourcecode.c.objc; path = MJMember.m; sourceTree = "<group>"; };
		18D3D2081D277760003D5AA2 /* MJMethod.h */ = {isa = PBXFileReference; fileEncoding = 4; lastKnownFileType = sourcecode.c.h; path = MJMethod.h; sourceTree = "<group>"; };
		18D3D2091D277760003D5AA2 /* MJMethod.m */ = {isa = PBXFileReference; fileEncoding = 4; lastKnownFileType = sourcecode.c.objc; path = MJMethod.m; sourceTree = "<group>"; };
		18D3D20A1D277760003D5AA2 /* MJType.h */ = {isa = PBXFileReference; fileEncoding = 4; lastKnownFileType = sourcecode.c.h; path = MJType.h; sourceTree = "<group>"; };
		18D3D20B1D277760003D5AA2 /* MJType.m */ = {isa = PBXFileReference; fileEncoding = 4; lastKnownFileType = sourcecode.c.objc; path = MJType.m; sourceTree = "<group>"; };
		18D3D20C1D277760003D5AA2 /* MJTypeEncoding.h */ = {isa = PBXFileReference; fileEncoding = 4; lastKnownFileType = sourcecode.c.h; path = MJTypeEncoding.h; sourceTree = "<group>"; };
		18D3D20D1D277760003D5AA2 /* MJTypeEncoding.m */ = {isa = PBXFileReference; fileEncoding = 4; lastKnownFileType = sourcecode.c.objc; path = MJTypeEncoding.m; sourceTree = "<group>"; };
		18D3D20E1D277760003D5AA2 /* NSObject+MJCoding.h */ = {isa = PBXFileReference; fileEncoding = 4; lastKnownFileType = sourcecode.c.h; path = "NSObject+MJCoding.h"; sourceTree = "<group>"; };
		18D3D20F1D277760003D5AA2 /* NSObject+MJCoding.m */ = {isa = PBXFileReference; fileEncoding = 4; lastKnownFileType = sourcecode.c.objc; path = "NSObject+MJCoding.m"; sourceTree = "<group>"; };
		18D3D2101D277760003D5AA2 /* NSObject+MJKeyValue.h */ = {isa = PBXFileReference; fileEncoding = 4; lastKnownFileType = sourcecode.c.h; path = "NSObject+MJKeyValue.h"; sourceTree = "<group>"; };
		18D3D2111D277760003D5AA2 /* NSObject+MJKeyValue.m */ = {isa = PBXFileReference; fileEncoding = 4; lastKnownFileType = sourcecode.c.objc; path = "NSObject+MJKeyValue.m"; sourceTree = "<group>"; };
		18D3D2121D277760003D5AA2 /* NSObject+MJMember.h */ = {isa = PBXFileReference; fileEncoding = 4; lastKnownFileType = sourcecode.c.h; path = "NSObject+MJMember.h"; sourceTree = "<group>"; };
		18D3D2131D277760003D5AA2 /* NSObject+MJMember.m */ = {isa = PBXFileReference; fileEncoding = 4; lastKnownFileType = sourcecode.c.objc; path = "NSObject+MJMember.m"; sourceTree = "<group>"; };
		18D3D21F1D2786B2003D5AA2 /* ZRBookAllInfo.h */ = {isa = PBXFileReference; fileEncoding = 4; lastKnownFileType = sourcecode.c.h; path = ZRBookAllInfo.h; sourceTree = "<group>"; };
		18D3D2201D2786B2003D5AA2 /* ZRBookAllInfo.m */ = {isa = PBXFileReference; fileEncoding = 4; lastKnownFileType = sourcecode.c.objc; path = ZRBookAllInfo.m; sourceTree = "<group>"; };
		18D3D2221D278ABB003D5AA2 /* ZRBookTip.h */ = {isa = PBXFileReference; fileEncoding = 4; lastKnownFileType = sourcecode.c.h; path = ZRBookTip.h; sourceTree = "<group>"; };
		18D3D2231D278ABB003D5AA2 /* ZRBookTip.m */ = {isa = PBXFileReference; fileEncoding = 4; lastKnownFileType = sourcecode.c.objc; path = ZRBookTip.m; sourceTree = "<group>"; };
		18D3D2291D27A08A003D5AA2 /* ZRLoginView.h */ = {isa = PBXFileReference; fileEncoding = 4; lastKnownFileType = sourcecode.c.h; path = ZRLoginView.h; sourceTree = "<group>"; };
		18D3D22A1D27A08A003D5AA2 /* ZRLoginView.m */ = {isa = PBXFileReference; fileEncoding = 4; lastKnownFileType = sourcecode.c.objc; path = ZRLoginView.m; sourceTree = "<group>"; };
		18D3D22E1D27A5E3003D5AA2 /* ZRUser.h */ = {isa = PBXFileReference; fileEncoding = 4; lastKnownFileType = sourcecode.c.h; path = ZRUser.h; sourceTree = "<group>"; };
		18D3D22F1D27A5E3003D5AA2 /* ZRUser.m */ = {isa = PBXFileReference; fileEncoding = 4; lastKnownFileType = sourcecode.c.objc; path = ZRUser.m; sourceTree = "<group>"; };
		18D3D2311D27EAC5003D5AA2 /* ZRGoodInfo.h */ = {isa = PBXFileReference; fileEncoding = 4; lastKnownFileType = sourcecode.c.h; path = ZRGoodInfo.h; sourceTree = "<group>"; };
		18D3D2321D27EAC5003D5AA2 /* ZRGoodInfo.m */ = {isa = PBXFileReference; fileEncoding = 4; lastKnownFileType = sourcecode.c.objc; path = ZRGoodInfo.m; sourceTree = "<group>"; };
		18D612BF1D1D1BF0008E94D0 /* ·，.app */ = {isa = PBXFileReference; explicitFileType = wrapper.application; includeInIndex = 0; path = "·，.app"; sourceTree = BUILT_PRODUCTS_DIR; };
		18D612CE1D1D1BF0008E94D0 /* Assets.xcassets */ = {isa = PBXFileReference; lastKnownFileType = folder.assetcatalog; path = Assets.xcassets; sourceTree = "<group>"; };
		18D612D11D1D1BF0008E94D0 /* Base */ = {isa = PBXFileReference; lastKnownFileType = file.storyboard; name = Base; path = Base.lproj/LaunchScreen.storyboard; sourceTree = "<group>"; };
		18D612D31D1D1BF0008E94D0 /* Info.plist */ = {isa = PBXFileReference; lastKnownFileType = text.plist.xml; path = Info.plist; sourceTree = "<group>"; };
		18D612E31D1D1EBD008E94D0 /* AppDelegate.h */ = {isa = PBXFileReference; fileEncoding = 4; lastKnownFileType = sourcecode.c.h; path = AppDelegate.h; sourceTree = "<group>"; };
		18D612E41D1D1EBD008E94D0 /* AppDelegate.m */ = {isa = PBXFileReference; fileEncoding = 4; lastKnownFileType = sourcecode.c.objc; path = AppDelegate.m; sourceTree = "<group>"; };
		18D612E51D1D1EBD008E94D0 /* main.m */ = {isa = PBXFileReference; fileEncoding = 4; lastKnownFileType = sourcecode.c.objc; path = main.m; sourceTree = "<group>"; };
		18D613051D1D217D008E94D0 /* ZRHomeViewController.h */ = {isa = PBXFileReference; fileEncoding = 4; lastKnownFileType = sourcecode.c.h; path = ZRHomeViewController.h; sourceTree = "<group>"; };
		18D613061D1D217D008E94D0 /* ZRHomeViewController.m */ = {isa = PBXFileReference; fileEncoding = 4; lastKnownFileType = sourcecode.c.objc; path = ZRHomeViewController.m; sourceTree = "<group>"; };
		18D613111D1D2246008E94D0 /* ZRBookViewController.h */ = {isa = PBXFileReference; fileEncoding = 4; lastKnownFileType = sourcecode.c.h; path = ZRBookViewController.h; sourceTree = "<group>"; };
		18D613121D1D2246008E94D0 /* ZRBookViewController.m */ = {isa = PBXFileReference; fileEncoding = 4; lastKnownFileType = sourcecode.c.objc; path = ZRBookViewController.m; sourceTree = "<group>"; };
		18D613171D1D4CD2008E94D0 /* ZRMainNavigation.h */ = {isa = PBXFileReference; fileEncoding = 4; lastKnownFileType = sourcecode.c.h; path = ZRMainNavigation.h; sourceTree = "<group>"; };
		18D613181D1D4CD2008E94D0 /* ZRMainNavigation.m */ = {isa = PBXFileReference; fileEncoding = 4; lastKnownFileType = sourcecode.c.objc; path = ZRMainNavigation.m; sourceTree = "<group>"; };
		18D6131D1D1D4F75008E94D0 /* UIView+ZRExtension.h */ = {isa = PBXFileReference; fileEncoding = 4; lastKnownFileType = sourcecode.c.h; path = "UIView+ZRExtension.h"; sourceTree = "<group>"; };
		18D6131E1D1D4F75008E94D0 /* UIView+ZRExtension.m */ = {isa = PBXFileReference; fileEncoding = 4; lastKnownFileType = sourcecode.c.objc; path = "UIView+ZRExtension.m"; sourceTree = "<group>"; };
		18D613201D1D54B8008E94D0 /* ZRTabbarController.h */ = {isa = PBXFileReference; fileEncoding = 4; lastKnownFileType = sourcecode.c.h; path = ZRTabbarController.h; sourceTree = "<group>"; };
		18D613211D1D54B8008E94D0 /* ZRTabbarController.m */ = {isa = PBXFileReference; fileEncoding = 4; lastKnownFileType = sourcecode.c.objc; path = ZRTabbarController.m; sourceTree = "<group>"; };
		18D613231D1D5F0F008E94D0 /* ZRBuyViewController.h */ = {isa = PBXFileReference; fileEncoding = 4; lastKnownFileType = sourcecode.c.h; path = ZRBuyViewController.h; sourceTree = "<group>"; };
		18D613241D1D5F0F008E94D0 /* ZRBuyViewController.m */ = {isa = PBXFileReference; fileEncoding = 4; lastKnownFileType = sourcecode.c.objc; path = ZRBuyViewController.m; sourceTree = "<group>"; };
		18D613261D1D5F3A008E94D0 /* ZRProfileViewController.h */ = {isa = PBXFileReference; fileEncoding = 4; lastKnownFileType = sourcecode.c.h; path = ZRProfileViewController.h; sourceTree = "<group>"; };
		18D613271D1D5F3A008E94D0 /* ZRProfileViewController.m */ = {isa = PBXFileReference; fileEncoding = 4; lastKnownFileType = sourcecode.c.objc; path = ZRProfileViewController.m; sourceTree = "<group>"; };
		18D613291D1D634C008E94D0 /* ZRSearchBar.h */ = {isa = PBXFileReference; fileEncoding = 4; lastKnownFileType = sourcecode.c.h; path = ZRSearchBar.h; sourceTree = "<group>"; };
		18D6132A1D1D634C008E94D0 /* ZRSearchBar.m */ = {isa = PBXFileReference; fileEncoding = 4; lastKnownFileType = sourcecode.c.objc; path = ZRSearchBar.m; sourceTree = "<group>"; };
		18DF30491D2F8291000B564C /* ZRShowView.h */ = {isa = PBXFileReference; fileEncoding = 4; lastKnownFileType = sourcecode.c.h; path = ZRShowView.h; sourceTree = "<group>"; };
		18DF304A1D2F8291000B564C /* ZRShowView.m */ = {isa = PBXFileReference; fileEncoding = 4; lastKnownFileType = sourcecode.c.objc; path = ZRShowView.m; sourceTree = "<group>"; };
		18F158681D1F673A00DC6C43 /* ZRBuyViewCell.h */ = {isa = PBXFileReference; fileEncoding = 4; lastKnownFileType = sourcecode.c.h; path = ZRBuyViewCell.h; sourceTree = "<group>"; };
		18F158691D1F673A00DC6C43 /* ZRBuyViewCell.m */ = {isa = PBXFileReference; fileEncoding = 4; lastKnownFileType = sourcecode.c.objc; path = ZRBuyViewCell.m; sourceTree = "<group>"; };
		18F1586F1D1FE08A00DC6C43 /* ZRBuyViewCell.xib */ = {isa = PBXFileReference; fileEncoding = 4; lastKnownFileType = file.xib; path = ZRBuyViewCell.xib; sourceTree = "<group>"; };
		18F158711D1FE0FC00DC6C43 /* ZRBuyHeaderView.h */ = {isa = PBXFileReference; fileEncoding = 4; lastKnownFileType = sourcecode.c.h; path = ZRBuyHeaderView.h; sourceTree = "<group>"; };
		18F158721D1FE0FC00DC6C43 /* ZRBuyHeaderView.m */ = {isa = PBXFileReference; fileEncoding = 4; lastKnownFileType = sourcecode.c.objc; path = ZRBuyHeaderView.m; sourceTree = "<group>"; };
/* End PBXFileReference section */

/* Begin PBXFrameworksBuildPhase section */
		18D612BC1D1D1BF0008E94D0 /* Frameworks */ = {
			isa = PBXFrameworksBuildPhase;
			buildActionMask = 2147483647;
			files = (
				187AB3F01D26277900C90F31 /* AVFoundation.framework in Frameworks */,
			);
			runOnlyForDeploymentPostprocessing = 0;
		};
/* End PBXFrameworksBuildPhase section */

/* Begin PBXGroup section */
		1827BEA01D23A25B00B1440B /* Info(书的详情) */ = {
			isa = PBXGroup;
			children = (
				1827BEA11D23A25B00B1440B /* Controller */,
				1827BEA21D23A25B00B1440B /* Model */,
				1827BEA31D23A25B00B1440B /* View */,
			);
			path = "Info(书的详情)";
			sourceTree = "<group>";
		};
		1827BEA11D23A25B00B1440B /* Controller */ = {
			isa = PBXGroup;
			children = (
				1827BEA41D23A35700B1440B /* ZRInfoViewController.h */,
				1827BEA51D23A35700B1440B /* ZRInfoViewController.m */,
			);
			path = Controller;
			sourceTree = "<group>";
		};
		1827BEA21D23A25B00B1440B /* Model */ = {
			isa = PBXGroup;
			children = (
				18D3D21F1D2786B2003D5AA2 /* ZRBookAllInfo.h */,
				18D3D2201D2786B2003D5AA2 /* ZRBookAllInfo.m */,
				18D3D2221D278ABB003D5AA2 /* ZRBookTip.h */,
				18D3D2231D278ABB003D5AA2 /* ZRBookTip.m */,
			);
			path = Model;
			sourceTree = "<group>";
		};
		1827BEA31D23A25B00B1440B /* View */ = {
			isa = PBXGroup;
			children = (
				1827BEA71D23A3ED00B1440B /* ZRBuyBookViewCell.h */,
				1827BEA81D23A3ED00B1440B /* ZRBuyBookViewCell.m */,
				1827BEA91D23A3ED00B1440B /* ZRBuyBookViewCell.xib */,
				1827BEAC1D23A42A00B1440B /* ZRBookIntroViewCell.h */,
				1827BEAD1D23A42A00B1440B /* ZRBookIntroViewCell.m */,
				1827BEAE1D23A42A00B1440B /* ZRBookIntroViewCell.xib */,
				1827BEB11D23A50F00B1440B /* ZRJudgeViewCell.h */,
				1827BEB21D23A50F00B1440B /* ZRJudgeViewCell.m */,
				1827BEB31D23A50F00B1440B /* ZRJudgeViewCell.xib */,
			);
			path = View;
			sourceTree = "<group>";
		};
		183725321D2B6D4900030FA5 /* Tool */ = {
			isa = PBXGroup;
			children = (
				183725331D2B6D6C00030FA5 /* ZRUserTool.h */,
				183725341D2B6D6C00030FA5 /* ZRUserTool.m */,
			);
			path = Tool;
			sourceTree = "<group>";
		};
		187AB3E31D26083400C90F31 /* Store(店铺) */ = {
			isa = PBXGroup;
			children = (
				187AB3E41D26083400C90F31 /* Controller */,
				187AB3E51D26083400C90F31 /* Model */,
				187AB3E61D26083400C90F31 /* View */,
			);
			path = "Store(店铺)";
			sourceTree = "<group>";
		};
		187AB3E41D26083400C90F31 /* Controller */ = {
			isa = PBXGroup;
			children = (
				187AB3E71D26086600C90F31 /* ZRStoreViewController.h */,
				187AB3E81D26086600C90F31 /* ZRStoreViewController.m */,
			);
			path = Controller;
			sourceTree = "<group>";
		};
		187AB3E51D26083400C90F31 /* Model */ = {
			isa = PBXGroup;
			children = (
			);
			path = Model;
			sourceTree = "<group>";
		};
		187AB3E61D26083400C90F31 /* View */ = {
			isa = PBXGroup;
			children = (
				187AB3EA1D2608CA00C90F31 /* ZRStoreViewCell.h */,
				187AB3EB1D2608CA00C90F31 /* ZRStoreViewCell.m */,
				187AB3EC1D2608CA00C90F31 /* ZRStoreViewCell.xib */,
			);
			path = View;
			sourceTree = "<group>";
		};
		187AB3F11D2628AF00C90F31 /* Upload(上架) */ = {
			isa = PBXGroup;
			children = (
				187AB3F21D2628AF00C90F31 /* Controller */,
				187AB3F31D2628AF00C90F31 /* Model */,
				187AB3F41D2628AF00C90F31 /* View */,
			);
			path = "Upload(上架)";
			sourceTree = "<group>";
		};
		187AB3F21D2628AF00C90F31 /* Controller */ = {
			isa = PBXGroup;
			children = (
				187AB3F51D2628E400C90F31 /* ZRUploadViewController.h */,
				187AB3F61D2628E400C90F31 /* ZRUploadViewController.m */,
				187AB3F71D2628E400C90F31 /* ZRUploadViewController.xib */,
			);
			path = Controller;
			sourceTree = "<group>";
		};
		187AB3F31D2628AF00C90F31 /* Model */ = {
			isa = PBXGroup;
			children = (
			);
			path = Model;
			sourceTree = "<group>";
		};
		187AB3F41D2628AF00C90F31 /* View */ = {
			isa = PBXGroup;
			children = (
			);
			path = View;
			sourceTree = "<group>";
		};
		18858E0C1D23613F0014AC2D /* Order(订单) */ = {
			isa = PBXGroup;
			children = (
				18858E0D1D23613F0014AC2D /* Controller */,
				18858E0E1D23613F0014AC2D /* Model */,
				18858E0F1D23613F0014AC2D /* View */,
			);
			path = "Order(订单)";
			sourceTree = "<group>";
		};
		18858E0D1D23613F0014AC2D /* Controller */ = {
			isa = PBXGroup;
			children = (
				18858E151D2363330014AC2D /* ZROrderViewController.h */,
				18858E161D2363330014AC2D /* ZROrderViewController.m */,
			);
			path = Controller;
			sourceTree = "<group>";
		};
		18858E0E1D23613F0014AC2D /* Model */ = {
			isa = PBXGroup;
			children = (
				18D3D2311D27EAC5003D5AA2 /* ZRGoodInfo.h */,
				18D3D2321D27EAC5003D5AA2 /* ZRGoodInfo.m */,
			);
			path = Model;
			sourceTree = "<group>";
		};
		18858E0F1D23613F0014AC2D /* View */ = {
			isa = PBXGroup;
			children = (
				18858E1B1D2368770014AC2D /* ZROrderViewCell.h */,
				18858E1C1D2368770014AC2D /* ZROrderViewCell.m */,
				18858E1D1D2368770014AC2D /* ZROrderViewCell.xib */,
				18C6E1FC1D289C6C005D3FFE /* ZRPayViewCell.h */,
				18C6E1FD1D289C6C005D3FFE /* ZRPayViewCell.m */,
				18C6E1FE1D289C6C005D3FFE /* ZRPayViewCell.xib */,
				183725361D2B9F9F00030FA5 /* ZRAddressViewCell.h */,
				183725371D2B9F9F00030FA5 /* ZRAddressViewCell.m */,
				183725381D2B9F9F00030FA5 /* ZRAddressViewCell.xib */,
			);
			path = View;
			sourceTree = "<group>";
		};
		18C8CBB81D265090007F419E /* AFNetworking */ = {
			isa = PBXGroup;
			children = (
				18C8CBB91D265090007F419E /* AFHTTPRequestOperation.h */,
				18C8CBBA1D265090007F419E /* AFHTTPRequestOperation.m */,
				18C8CBBB1D265090007F419E /* AFHTTPRequestOperationManager.h */,
				18C8CBBC1D265090007F419E /* AFHTTPRequestOperationManager.m */,
				18C8CBBD1D265090007F419E /* AFHTTPSessionManager.h */,
				18C8CBBE1D265090007F419E /* AFHTTPSessionManager.m */,
				18C8CBBF1D265090007F419E /* AFNetworking.h */,
				18C8CBC01D265090007F419E /* AFNetworkReachabilityManager.h */,
				18C8CBC11D265090007F419E /* AFNetworkReachabilityManager.m */,
				18C8CBC21D265090007F419E /* AFSecurityPolicy.h */,
				18C8CBC31D265090007F419E /* AFSecurityPolicy.m */,
				18C8CBC41D265090007F419E /* AFURLConnectionOperation.h */,
				18C8CBC51D265090007F419E /* AFURLConnectionOperation.m */,
				18C8CBC61D265090007F419E /* AFURLRequestSerialization.h */,
				18C8CBC71D265090007F419E /* AFURLRequestSerialization.m */,
				18C8CBC81D265090007F419E /* AFURLResponseSerialization.h */,
				18C8CBC91D265090007F419E /* AFURLResponseSerialization.m */,
				18C8CBCA1D265090007F419E /* AFURLSessionManager.h */,
				18C8CBCB1D265090007F419E /* AFURLSessionManager.m */,
			);
			path = AFNetworking;
			sourceTree = "<group>";
		};
		18C8CBD51D26583F007F419E /* SDWebImage */ = {
			isa = PBXGroup;
			children = (
				18C8CBD61D26583F007F419E /* MKAnnotationView+WebCache.h */,
				18C8CBD71D26583F007F419E /* MKAnnotationView+WebCache.m */,
				18C8CBD81D26583F007F419E /* NSData+ImageContentType.h */,
				18C8CBD91D26583F007F419E /* NSData+ImageContentType.m */,
				18C8CBDA1D26583F007F419E /* SDImageCache.h */,
				18C8CBDB1D26583F007F419E /* SDImageCache.m */,
				18C8CBDC1D26583F007F419E /* SDWebImageCompat.h */,
				18C8CBDD1D26583F007F419E /* SDWebImageCompat.m */,
				18C8CBDE1D26583F007F419E /* SDWebImageDecoder.h */,
				18C8CBDF1D26583F007F419E /* SDWebImageDecoder.m */,
				18C8CBE01D26583F007F419E /* SDWebImageDownloader.h */,
				18C8CBE11D26583F007F419E /* SDWebImageDownloader.m */,
				18C8CBE21D26583F007F419E /* SDWebImageDownloaderOperation.h */,
				18C8CBE31D26583F007F419E /* SDWebImageDownloaderOperation.m */,
				18C8CBE41D26583F007F419E /* SDWebImageManager.h */,
				18C8CBE51D26583F007F419E /* SDWebImageManager.m */,
				18C8CBE61D26583F007F419E /* SDWebImageOperation.h */,
				18C8CBE71D26583F007F419E /* SDWebImagePrefetcher.h */,
				18C8CBE81D26583F007F419E /* SDWebImagePrefetcher.m */,
				18C8CBE91D26583F007F419E /* UIButton+WebCache.h */,
				18C8CBEA1D26583F007F419E /* UIButton+WebCache.m */,
				18C8CBEB1D26583F007F419E /* UIImage+GIF.h */,
				18C8CBEC1D26583F007F419E /* UIImage+GIF.m */,
				18C8CBED1D26583F007F419E /* UIImage+MultiFormat.h */,
				18C8CBEE1D26583F007F419E /* UIImage+MultiFormat.m */,
				18C8CBEF1D26583F007F419E /* UIImage+WebP.h */,
				18C8CBF01D26583F007F419E /* UIImage+WebP.m */,
				18C8CBF11D26583F007F419E /* UIImageView+HighlightedWebCache.h */,
				18C8CBF21D26583F007F419E /* UIImageView+HighlightedWebCache.m */,
				18C8CBF31D26583F007F419E /* UIImageView+WebCache.h */,
				18C8CBF41D26583F007F419E /* UIImageView+WebCache.m */,
				18C8CBF51D26583F007F419E /* UIView+WebCacheOperation.h */,
				18C8CBF61D26583F007F419E /* UIView+WebCacheOperation.m */,
			);
			path = SDWebImage;
			sourceTree = "<group>";
		};
		18D3D1FC1D277760003D5AA2 /* MJExtension */ = {
			isa = PBXGroup;
			children = (
				18D3D1FD1D277760003D5AA2 /* MJArgument.h */,
				18D3D1FE1D277760003D5AA2 /* MJArgument.m */,
				18D3D1FF1D277760003D5AA2 /* MJConst.h */,
				18D3D2001D277760003D5AA2 /* MJConst.m */,
				18D3D2011D277760003D5AA2 /* MJExtension.h */,
				18D3D2021D277760003D5AA2 /* MJFoundation.h */,
				18D3D2031D277760003D5AA2 /* MJFoundation.m */,
				18D3D2041D277760003D5AA2 /* MJIvar.h */,
				18D3D2051D277760003D5AA2 /* MJIvar.m */,
				18D3D2061D277760003D5AA2 /* MJMember.h */,
				18D3D2071D277760003D5AA2 /* MJMember.m */,
				18D3D2081D277760003D5AA2 /* MJMethod.h */,
				18D3D2091D277760003D5AA2 /* MJMethod.m */,
				18D3D20A1D277760003D5AA2 /* MJType.h */,
				18D3D20B1D277760003D5AA2 /* MJType.m */,
				18D3D20C1D277760003D5AA2 /* MJTypeEncoding.h */,
				18D3D20D1D277760003D5AA2 /* MJTypeEncoding.m */,
				18D3D20E1D277760003D5AA2 /* NSObject+MJCoding.h */,
				18D3D20F1D277760003D5AA2 /* NSObject+MJCoding.m */,
				18D3D2101D277760003D5AA2 /* NSObject+MJKeyValue.h */,
				18D3D2111D277760003D5AA2 /* NSObject+MJKeyValue.m */,
				18D3D2121D277760003D5AA2 /* NSObject+MJMember.h */,
				18D3D2131D277760003D5AA2 /* NSObject+MJMember.m */,
			);
			path = MJExtension;
			sourceTree = "<group>";
		};
		18D3D2251D27A058003D5AA2 /* Login(登录) */ = {
			isa = PBXGroup;
			children = (
				183725321D2B6D4900030FA5 /* Tool */,
				18D3D2261D27A058003D5AA2 /* Controller */,
				18D3D2271D27A058003D5AA2 /* Model */,
				18D3D2281D27A058003D5AA2 /* View */,
			);
			path = "Login(登录)";
			sourceTree = "<group>";
		};
		18D3D2261D27A058003D5AA2 /* Controller */ = {
			isa = PBXGroup;
			children = (
				18D3D2291D27A08A003D5AA2 /* ZRLoginView.h */,
				18D3D22A1D27A08A003D5AA2 /* ZRLoginView.m */,
				186778B11D2BD945006476F3 /* ZRLoginView.xib */,
			);
			path = Controller;
			sourceTree = "<group>";
		};
		18D3D2271D27A058003D5AA2 /* Model */ = {
			isa = PBXGroup;
			children = (
				18D3D22E1D27A5E3003D5AA2 /* ZRUser.h */,
				18D3D22F1D27A5E3003D5AA2 /* ZRUser.m */,
			);
			path = Model;
			sourceTree = "<group>";
		};
		18D3D2281D27A058003D5AA2 /* View */ = {
			isa = PBXGroup;
			children = (
			);
			path = View;
			sourceTree = "<group>";
		};
		18D612B61D1D1BF0008E94D0 = {
			isa = PBXGroup;
			children = (
				187AB3EF1D26277900C90F31 /* AVFoundation.framework */,
				18D612C11D1D1BF0008E94D0 /* shushu */,
				18D612C01D1D1BF0008E94D0 /* Products */,
			);
			sourceTree = "<group>";
		};
		18D612C01D1D1BF0008E94D0 /* Products */ = {
			isa = PBXGroup;
			children = (
				18D612BF1D1D1BF0008E94D0 /* ·，.app */,
			);
			name = Products;
			sourceTree = "<group>";
		};
		18D612C11D1D1BF0008E94D0 /* shushu */ = {
			isa = PBXGroup;
			children = (
				18D612D91D1D1EBD008E94D0 /* Class */,
				18D612C21D1D1BF0008E94D0 /* Supporting Files */,
			);
			path = shushu;
			sourceTree = "<group>";
		};
		18D612C21D1D1BF0008E94D0 /* Supporting Files */ = {
			isa = PBXGroup;
			children = (
				18D612D01D1D1BF0008E94D0 /* LaunchScreen.storyboard */,
				18D612CE1D1D1BF0008E94D0 /* Assets.xcassets */,
				18D612D31D1D1BF0008E94D0 /* Info.plist */,
			);
			name = "Supporting Files";
			sourceTree = "<group>";
		};
		18D612D91D1D1EBD008E94D0 /* Class */ = {
			isa = PBXGroup;
			children = (
				18D3D2251D27A058003D5AA2 /* Login(登录) */,
				187AB3F11D2628AF00C90F31 /* Upload(上架) */,
				187AB3E31D26083400C90F31 /* Store(店铺) */,
				1827BEA01D23A25B00B1440B /* Info(书的详情) */,
				18858E0C1D23613F0014AC2D /* Order(订单) */,
				18D612FE1D1D20AB008E94D0 /* Profile(我) */,
				18D612FA1D1D20A0008E94D0 /* Home(首页) */,
				18D612F61D1D2094008E94D0 /* Buy(购物车) */,
				18D612EA1D1D203E008E94D0 /* Book(书海) */,
				18D612DD1D1D1EBD008E94D0 /* Main */,
			);
			path = Class;
			sourceTree = "<group>";
		};
		18D612DD1D1D1EBD008E94D0 /* Main */ = {
			isa = PBXGroup;
			children = (
				18D612DE1D1D1EBD008E94D0 /* Category */,
				18D612DF1D1D1EBD008E94D0 /* Controller */,
				18D612E01D1D1EBD008E94D0 /* Lib */,
				18D612E11D1D1EBD008E94D0 /* Model */,
				18D612E21D1D1EBD008E94D0 /* Other */,
				18D612E61D1D1EBD008E94D0 /* View */,
			);
			path = Main;
			sourceTree = "<group>";
		};
		18D612DE1D1D1EBD008E94D0 /* Category */ = {
			isa = PBXGroup;
			children = (
				18D6131D1D1D4F75008E94D0 /* UIView+ZRExtension.h */,
				18D6131E1D1D4F75008E94D0 /* UIView+ZRExtension.m */,
			);
			path = Category;
			sourceTree = "<group>";
		};
		18D612DF1D1D1EBD008E94D0 /* Controller */ = {
			isa = PBXGroup;
			children = (
				18D613171D1D4CD2008E94D0 /* ZRMainNavigation.h */,
				18D613181D1D4CD2008E94D0 /* ZRMainNavigation.m */,
				18D613201D1D54B8008E94D0 /* ZRTabbarController.h */,
				18D613211D1D54B8008E94D0 /* ZRTabbarController.m */,
			);
			path = Controller;
			sourceTree = "<group>";
		};
		18D612E01D1D1EBD008E94D0 /* Lib */ = {
			isa = PBXGroup;
			children = (
				18D3D1FC1D277760003D5AA2 /* MJExtension */,
				18C8CBD51D26583F007F419E /* SDWebImage */,
				18C8CBB81D265090007F419E /* AFNetworking */,
			);
			path = Lib;
			sourceTree = "<group>";
		};
		18D612E11D1D1EBD008E94D0 /* Model */ = {
			isa = PBXGroup;
			children = (
			);
			path = Model;
			sourceTree = "<group>";
		};
		18D612E21D1D1EBD008E94D0 /* Other */ = {
			isa = PBXGroup;
			children = (
				18D612E31D1D1EBD008E94D0 /* AppDelegate.h */,
				18D612E41D1D1EBD008E94D0 /* AppDelegate.m */,
				18D612E51D1D1EBD008E94D0 /* main.m */,
			);
			path = Other;
			sourceTree = "<group>";
		};
		18D612E61D1D1EBD008E94D0 /* View */ = {
			isa = PBXGroup;
			children = (
				18D613291D1D634C008E94D0 /* ZRSearchBar.h */,
				18D6132A1D1D634C008E94D0 /* ZRSearchBar.m */,
				182857E61D1E255A0050DFCA /* ZRTableViewCell.h */,
				182857E71D1E255A0050DFCA /* ZRTableViewCell.m */,
				182857E81D1E255A0050DFCA /* ZRTableViewCell.xib */,
				18DF30491D2F8291000B564C /* ZRShowView.h */,
				18DF304A1D2F8291000B564C /* ZRShowView.m */,
			);
			path = View;
			sourceTree = "<group>";
		};
		18D612EA1D1D203E008E94D0 /* Book(书海) */ = {
			isa = PBXGroup;
			children = (
				18D612EB1D1D203E008E94D0 /* Controller */,
				18D612EC1D1D203E008E94D0 /* Model */,
				18D612ED1D1D203E008E94D0 /* View */,
			);
			path = "Book(书海)";
			sourceTree = "<group>";
		};
		18D612EB1D1D203E008E94D0 /* Controller */ = {
			isa = PBXGroup;
			children = (
				18D613111D1D2246008E94D0 /* ZRBookViewController.h */,
				18D613121D1D2246008E94D0 /* ZRBookViewController.m */,
			);
			path = Controller;
			sourceTree = "<group>";
		};
		18D612EC1D1D203E008E94D0 /* Model */ = {
			isa = PBXGroup;
			children = (
			);
			path = Model;
			sourceTree = "<group>";
		};
		18D612ED1D1D203E008E94D0 /* View */ = {
			isa = PBXGroup;
			children = (
			);
			path = View;
			sourceTree = "<group>";
		};
		18D612F61D1D2094008E94D0 /* Buy(购物车) */ = {
			isa = PBXGroup;
			children = (
				18D612F71D1D2094008E94D0 /* Controller */,
				18D612F81D1D2094008E94D0 /* Model */,
				18D612F91D1D2094008E94D0 /* View */,
			);
			path = "Buy(购物车)";
			sourceTree = "<group>";
		};
		18D612F71D1D2094008E94D0 /* Controller */ = {
			isa = PBXGroup;
			children = (
				18D613231D1D5F0F008E94D0 /* ZRBuyViewController.h */,
				18D613241D1D5F0F008E94D0 /* ZRBuyViewController.m */,
			);
			path = Controller;
			sourceTree = "<group>";
		};
		18D612F81D1D2094008E94D0 /* Model */ = {
			isa = PBXGroup;
			children = (
				18D12D551D222A3400B77B86 /* ZRGoods.h */,
				18D12D561D222A3400B77B86 /* ZRGoods.m */,
			);
			path = Model;
			sourceTree = "<group>";
		};
		18D612F91D1D2094008E94D0 /* View */ = {
			isa = PBXGroup;
			children = (
				18F1586F1D1FE08A00DC6C43 /* ZRBuyViewCell.xib */,
				18F158681D1F673A00DC6C43 /* ZRBuyViewCell.h */,
				18F158691D1F673A00DC6C43 /* ZRBuyViewCell.m */,
				18F158711D1FE0FC00DC6C43 /* ZRBuyHeaderView.h */,
				18F158721D1FE0FC00DC6C43 /* ZRBuyHeaderView.m */,
			);
			path = View;
			sourceTree = "<group>";
		};
		18D612FA1D1D20A0008E94D0 /* Home(首页) */ = {
			isa = PBXGroup;
			children = (
				18D612FB1D1D20A0008E94D0 /* Controller */,
				18D612FC1D1D20A0008E94D0 /* Model */,
				18D612FD1D1D20A0008E94D0 /* View */,
			);
			path = "Home(首页)";
			sourceTree = "<group>";
		};
		18D612FB1D1D20A0008E94D0 /* Controller */ = {
			isa = PBXGroup;
			children = (
				18D613051D1D217D008E94D0 /* ZRHomeViewController.h */,
				18D613061D1D217D008E94D0 /* ZRHomeViewController.m */,
			);
			path = Controller;
			sourceTree = "<group>";
		};
		18D612FC1D1D20A0008E94D0 /* Model */ = {
			isa = PBXGroup;
			children = (
				18D3D1F91D2760CD003D5AA2 /* ZRBookInfo.h */,
				18D3D1FA1D2760CD003D5AA2 /* ZRBookInfo.m */,
			);
			path = Model;
			sourceTree = "<group>";
		};
		18D612FD1D1D20A0008E94D0 /* View */ = {
			isa = PBXGroup;
			children = (
				188DC6ED1D25298D00AADE65 /* ZRHomeViewCell.h */,
				188DC6EE1D25298D00AADE65 /* ZRHomeViewCell.m */,
				188DC6EF1D25298D00AADE65 /* ZRHomeViewCell.xib */,
			);
			path = View;
			sourceTree = "<group>";
		};
		18D612FE1D1D20AB008E94D0 /* Profile(我) */ = {
			isa = PBXGroup;
			children = (
				18D612FF1D1D20AB008E94D0 /* Controller */,
				18D613001D1D20AB008E94D0 /* Model */,
				18D613011D1D20AB008E94D0 /* View */,
			);
			path = "Profile(我)";
			sourceTree = "<group>";
		};
		18D612FF1D1D20AB008E94D0 /* Controller */ = {
			isa = PBXGroup;
			children = (
				18D613261D1D5F3A008E94D0 /* ZRProfileViewController.h */,
				18D613271D1D5F3A008E94D0 /* ZRProfileViewController.m */,
			);
			path = Controller;
			sourceTree = "<group>";
		};
		18D613001D1D20AB008E94D0 /* Model */ = {
			isa = PBXGroup;
			children = (
			);
			path = Model;
			sourceTree = "<group>";
		};
		18D613011D1D20AB008E94D0 /* View */ = {
			isa = PBXGroup;
			children = (
				182857EB1D1E62870050DFCA /* ZRPersonalTableViewCell.h */,
				182857EC1D1E62870050DFCA /* ZRPersonalTableViewCell.m */,
				182857ED1D1E62870050DFCA /* ZRPersonalTableViewCell.xib */,
				182857F51D1E98500050DFCA /* ZRGroupHeaderView.h */,
				182857F61D1E98500050DFCA /* ZRGroupHeaderView.m */,
			);
			path = View;
			sourceTree = "<group>";
		};
/* End PBXGroup section */

/* Begin PBXNativeTarget section */
		18D612BE1D1D1BF0008E94D0 /* ·， */ = {
			isa = PBXNativeTarget;
			buildConfigurationList = 18D612D61D1D1BF0008E94D0 /* Build configuration list for PBXNativeTarget "·，" */;
			buildPhases = (
				18D612BB1D1D1BF0008E94D0 /* Sources */,
				18D612BC1D1D1BF0008E94D0 /* Frameworks */,
				18D612BD1D1D1BF0008E94D0 /* Resources */,
			);
			buildRules = (
			);
			dependencies = (
			);
			name = "·，";
			productName = shushu;
			productReference = 18D612BF1D1D1BF0008E94D0 /* ·，.app */;
			productType = "com.apple.product-type.application";
		};
/* End PBXNativeTarget section */

/* Begin PBXProject section */
		18D612B71D1D1BF0008E94D0 /* Project object */ = {
			isa = PBXProject;
			attributes = {
				CLASSPREFIX = ZR;
				LastUpgradeCheck = 0720;
				ORGANIZATIONNAME = zhangrui;
				TargetAttributes = {
					18D612BE1D1D1BF0008E94D0 = {
						CreatedOnToolsVersion = 7.2;
						DevelopmentTeam = A2C87SUN4N;
					};
				};
			};
			buildConfigurationList = 18D612BA1D1D1BF0008E94D0 /* Build configuration list for PBXProject "shushu" */;
			compatibilityVersion = "Xcode 3.2";
			developmentRegion = English;
			hasScannedForEncodings = 0;
			knownRegions = (
				en,
				Base,
			);
			mainGroup = 18D612B61D1D1BF0008E94D0;
			productRefGroup = 18D612C01D1D1BF0008E94D0 /* Products */;
			projectDirPath = "";
			projectRoot = "";
			targets = (
				18D612BE1D1D1BF0008E94D0 /* ·， */,
			);
		};
/* End PBXProject section */

/* Begin PBXResourcesBuildPhase section */
		18D612BD1D1D1BF0008E94D0 /* Resources */ = {
			isa = PBXResourcesBuildPhase;
			buildActionMask = 2147483647;
			files = (
				182857EA1D1E255A0050DFCA /* ZRTableViewCell.xib in Resources */,
				18D612D21D1D1BF0008E94D0 /* LaunchScreen.storyboard in Resources */,
				18C6E2001D289C6C005D3FFE /* ZRPayViewCell.xib in Resources */,
				1827BEAB1D23A3ED00B1440B /* ZRBuyBookViewCell.xib in Resources */,
				186778B21D2BD945006476F3 /* ZRLoginView.xib in Resources */,
				1827BEB01D23A42A00B1440B /* ZRBookIntroViewCell.xib in Resources */,
				1837253A1D2B9F9F00030FA5 /* ZRAddressViewCell.xib in Resources */,
				18F158701D1FE08A00DC6C43 /* ZRBuyViewCell.xib in Resources */,
				18D612CF1D1D1BF0008E94D0 /* Assets.xcassets in Resources */,
				187AB3EE1D2608CA00C90F31 /* ZRStoreViewCell.xib in Resources */,
				182857EF1D1E62870050DFCA /* ZRPersonalTableViewCell.xib in Resources */,
				18858E1F1D2368770014AC2D /* ZROrderViewCell.xib in Resources */,
				187AB3F91D2628E400C90F31 /* ZRUploadViewController.xib in Resources */,
				1827BEB51D23A50F00B1440B /* ZRJudgeViewCell.xib in Resources */,
				188DC6F11D25298D00AADE65 /* ZRHomeViewCell.xib in Resources */,
			);
			runOnlyForDeploymentPostprocessing = 0;
		};
/* End PBXResourcesBuildPhase section */

/* Begin PBXSourcesBuildPhase section */
		18D612BB1D1D1BF0008E94D0 /* Sources */ = {
			isa = PBXSourcesBuildPhase;
			buildActionMask = 2147483647;
			files = (
				18C8CBCC1D265090007F419E /* AFHTTPRequestOperation.m in Sources */,
				1827BEA61D23A35700B1440B /* ZRInfoViewController.m in Sources */,
				18D612E91D1D1EBD008E94D0 /* main.m in Sources */,
				18F1586B1D1F673A00DC6C43 /* ZRBuyViewCell.m in Sources */,
				18D3D2301D27A5E3003D5AA2 /* ZRUser.m in Sources */,
				18C8CBFA1D26583F007F419E /* SDWebImageCompat.m in Sources */,
				18D613071D1D217D008E94D0 /* ZRHomeViewController.m in Sources */,
				18D3D2211D2786B2003D5AA2 /* ZRBookAllInfo.m in Sources */,
				18D3D1FB1D2760CD003D5AA2 /* ZRBookInfo.m in Sources */,
				18D612E81D1D1EBD008E94D0 /* AppDelegate.m in Sources */,
				18C8CC001D26583F007F419E /* UIButton+WebCache.m in Sources */,
				18C8CBCE1D265090007F419E /* AFHTTPSessionManager.m in Sources */,
				18C6E1FF1D289C6C005D3FFE /* ZRPayViewCell.m in Sources */,
				18D6132B1D1D634C008E94D0 /* ZRSearchBar.m in Sources */,
				18C8CBFE1D26583F007F419E /* SDWebImageManager.m in Sources */,
				18D613221D1D54B8008E94D0 /* ZRTabbarController.m in Sources */,
				18F158731D1FE0FC00DC6C43 /* ZRBuyHeaderView.m in Sources */,
				18C8CBD41D265090007F419E /* AFURLSessionManager.m in Sources */,
				18C8CBFB1D26583F007F419E /* SDWebImageDecoder.m in Sources */,
				18D3D2151D277760003D5AA2 /* MJConst.m in Sources */,
				1827BEAA1D23A3ED00B1440B /* ZRBuyBookViewCell.m in Sources */,
				18D3D21A1D277760003D5AA2 /* MJType.m in Sources */,
				18C8CBD01D265090007F419E /* AFSecurityPolicy.m in Sources */,
				18C8CBD31D265090007F419E /* AFURLResponseSerialization.m in Sources */,
				18858E1E1D2368770014AC2D /* ZROrderViewCell.m in Sources */,
				18C8CC031D26583F007F419E /* UIImage+WebP.m in Sources */,
				18D6131F1D1D4F75008E94D0 /* UIView+ZRExtension.m in Sources */,
				18D3D2161D277760003D5AA2 /* MJFoundation.m in Sources */,
				183725351D2B6D6C00030FA5 /* ZRUserTool.m in Sources */,
				18D3D21C1D277760003D5AA2 /* NSObject+MJCoding.m in Sources */,
				18C8CBFD1D26583F007F419E /* SDWebImageDownloaderOperation.m in Sources */,
				183725391D2B9F9F00030FA5 /* ZRAddressViewCell.m in Sources */,
				18D613251D1D5F0F008E94D0 /* ZRBuyViewController.m in Sources */,
				18C8CBF71D26583F007F419E /* MKAnnotationView+WebCache.m in Sources */,
				182857F71D1E98500050DFCA /* ZRGroupHeaderView.m in Sources */,
				18C8CBD11D265090007F419E /* AFURLConnectionOperation.m in Sources */,
				18D3D22C1D27A08A003D5AA2 /* ZRLoginView.m in Sources */,
				18D3D2191D277760003D5AA2 /* MJMethod.m in Sources */,
				18C8CC041D26583F007F419E /* UIImageView+HighlightedWebCache.m in Sources */,
				182857EE1D1E62870050DFCA /* ZRPersonalTableViewCell.m in Sources */,
				18D3D21E1D277760003D5AA2 /* NSObject+MJMember.m in Sources */,
				18C8CBD21D265090007F419E /* AFURLRequestSerialization.m in Sources */,
				18D613191D1D4CD2008E94D0 /* ZRMainNavigation.m in Sources */,
				18D3D2331D27EAC5003D5AA2 /* ZRGoodInfo.m in Sources */,
				187AB3ED1D2608CA00C90F31 /* ZRStoreViewCell.m in Sources */,
				18D12D571D222A3400B77B86 /* ZRGoods.m in Sources */,
				18C8CC051D26583F007F419E /* UIImageView+WebCache.m in Sources */,
				18DF304B1D2F8291000B564C /* ZRShowView.m in Sources */,
				18C8CBCD1D265090007F419E /* AFHTTPRequestOperationManager.m in Sources */,
				18C8CC061D26583F007F419E /* UIView+WebCacheOperation.m in Sources */,
				187AB3F81D2628E400C90F31 /* ZRUploadViewController.m in Sources */,
				18D3D21D1D277760003D5AA2 /* NSObject+MJKeyValue.m in Sources */,
				18D613131D1D2246008E94D0 /* ZRBookViewController.m in Sources */,
				18D3D2181D277760003D5AA2 /* MJMember.m in Sources */,
				18C8CBCF1D265090007F419E /* AFNetworkReachabilityManager.m in Sources */,
				188DC6F01D25298D00AADE65 /* ZRHomeViewCell.m in Sources */,
				187AB3E91D26086600C90F31 /* ZRStoreViewController.m in Sources */,
				18D3D2241D278ABB003D5AA2 /* ZRBookTip.m in Sources */,
				18C8CBFC1D26583F007F419E /* SDWebImageDownloader.m in Sources */,
				18D3D2171D277760003D5AA2 /* MJIvar.m in Sources */,
				18D613281D1D5F3A008E94D0 /* ZRProfileViewController.m in Sources */,
				18D3D2141D277760003D5AA2 /* MJArgument.m in Sources */,
				18C8CC011D26583F007F419E /* UIImage+GIF.m in Sources */,
				18858E171D2363330014AC2D /* ZROrderViewController.m in Sources */,
				18C8CBF91D26583F007F419E /* SDImageCache.m in Sources */,
				18C8CBF81D26583F007F419E /* NSData+ImageContentType.m in Sources */,
				1827BEAF1D23A42A00B1440B /* ZRBookIntroViewCell.m in Sources */,
				18D3D21B1D277760003D5AA2 /* MJTypeEncoding.m in Sources */,
				18C8CBFF1D26583F007F419E /* SDWebImagePrefetcher.m in Sources */,
				18C8CC021D26583F007F419E /* UIImage+MultiFormat.m in Sources */,
				1827BEB41D23A50F00B1440B /* ZRJudgeViewCell.m in Sources */,
				182857E91D1E255A0050DFCA /* ZRTableViewCell.m in Sources */,
			);
			runOnlyForDeploymentPostprocessing = 0;
		};
/* End PBXSourcesBuildPhase section */

/* Begin PBXVariantGroup section */
		18D612D01D1D1BF0008E94D0 /* LaunchScreen.storyboard */ = {
			isa = PBXVariantGroup;
			children = (
				18D612D11D1D1BF0008E94D0 /* Base */,
			);
			name = LaunchScreen.storyboard;
			sourceTree = "<group>";
		};
/* End PBXVariantGroup section */

/* Begin XCBuildConfiguration section */
		18D612D41D1D1BF0008E94D0 /* Debug */ = {
			isa = XCBuildConfiguration;
			buildSettings = {
				ALWAYS_SEARCH_USER_PATHS = NO;
				CLANG_CXX_LANGUAGE_STANDARD = "gnu++0x";
				CLANG_CXX_LIBRARY = "libc++";
				CLANG_ENABLE_MODULES = YES;
				CLANG_ENABLE_OBJC_ARC = YES;
				CLANG_WARN_BOOL_CONVERSION = YES;
				CLANG_WARN_CONSTANT_CONVERSION = YES;
				CLANG_WARN_DIRECT_OBJC_ISA_USAGE = YES_ERROR;
				CLANG_WARN_EMPTY_BODY = YES;
				CLANG_WARN_ENUM_CONVERSION = YES;
				CLANG_WARN_INT_CONVERSION = YES;
				CLANG_WARN_OBJC_ROOT_CLASS = YES_ERROR;
				CLANG_WARN_UNREACHABLE_CODE = YES;
				CLANG_WARN__DUPLICATE_METHOD_MATCH = YES;
				"CODE_SIGN_IDENTITY[sdk=iphoneos*]" = "iPhone Developer";
				COPY_PHASE_STRIP = NO;
				DEBUG_INFORMATION_FORMAT = dwarf;
				ENABLE_STRICT_OBJC_MSGSEND = YES;
				ENABLE_TESTABILITY = YES;
				GCC_C_LANGUAGE_STANDARD = gnu99;
				GCC_DYNAMIC_NO_PIC = NO;
				GCC_NO_COMMON_BLOCKS = YES;
				GCC_OPTIMIZATION_LEVEL = 0;
				GCC_PREPROCESSOR_DEFINITIONS = (
					"DEBUG=1",
					"$(inherited)",
				);
				GCC_WARN_64_TO_32_BIT_CONVERSION = YES;
				GCC_WARN_ABOUT_RETURN_TYPE = YES_ERROR;
				GCC_WARN_UNDECLARED_SELECTOR = YES;
				GCC_WARN_UNINITIALIZED_AUTOS = YES_AGGRESSIVE;
				GCC_WARN_UNUSED_FUNCTION = YES;
				GCC_WARN_UNUSED_VARIABLE = YES;
				IPHONEOS_DEPLOYMENT_TARGET = 9.2;
				MTL_ENABLE_DEBUG_INFO = YES;
				ONLY_ACTIVE_ARCH = YES;
				SDKROOT = iphoneos;
			};
			name = Debug;
		};
		18D612D51D1D1BF0008E94D0 /* Release */ = {
			isa = XCBuildConfiguration;
			buildSettings = {
				ALWAYS_SEARCH_USER_PATHS = NO;
				CLANG_CXX_LANGUAGE_STANDARD = "gnu++0x";
				CLANG_CXX_LIBRARY = "libc++";
				CLANG_ENABLE_MODULES = YES;
				CLANG_ENABLE_OBJC_ARC = YES;
				CLANG_WARN_BOOL_CONVERSION = YES;
				CLANG_WARN_CONSTANT_CONVERSION = YES;
				CLANG_WARN_DIRECT_OBJC_ISA_USAGE = YES_ERROR;
				CLANG_WARN_EMPTY_BODY = YES;
				CLANG_WARN_ENUM_CONVERSION = YES;
				CLANG_WARN_INT_CONVERSION = YES;
				CLANG_WARN_OBJC_ROOT_CLASS = YES_ERROR;
				CLANG_WARN_UNREACHABLE_CODE = YES;
				CLANG_WARN__DUPLICATE_METHOD_MATCH = YES;
				"CODE_SIGN_IDENTITY[sdk=iphoneos*]" = "iPhone Developer";
				COPY_PHASE_STRIP = NO;
				DEBUG_INFORMATION_FORMAT = "dwarf-with-dsym";
				ENABLE_NS_ASSERTIONS = NO;
				ENABLE_STRICT_OBJC_MSGSEND = YES;
				GCC_C_LANGUAGE_STANDARD = gnu99;
				GCC_NO_COMMON_BLOCKS = YES;
				GCC_WARN_64_TO_32_BIT_CONVERSION = YES;
				GCC_WARN_ABOUT_RETURN_TYPE = YES_ERROR;
				GCC_WARN_UNDECLARED_SELECTOR = YES;
				GCC_WARN_UNINITIALIZED_AUTOS = YES_AGGRESSIVE;
				GCC_WARN_UNUSED_FUNCTION = YES;
				GCC_WARN_UNUSED_VARIABLE = YES;
				IPHONEOS_DEPLOYMENT_TARGET = 9.2;
				MTL_ENABLE_DEBUG_INFO = NO;
				SDKROOT = iphoneos;
				VALIDATE_PRODUCT = YES;
			};
			name = Release;
		};
		18D612D71D1D1BF0008E94D0 /* Debug */ = {
			isa = XCBuildConfiguration;
			buildSettings = {
				ASSETCATALOG_COMPILER_APPICON_NAME = AppIcon;
				CODE_SIGN_IDENTITY = "iPhone Developer";
				INFOPLIST_FILE = shushu/Info.plist;
				IPHONEOS_DEPLOYMENT_TARGET = 9.3;
				LD_RUNPATH_SEARCH_PATHS = "$(inherited) @executable_path/Frameworks";
				PRODUCT_BUNDLE_IDENTIFIER = apple.shushu;
				PRODUCT_NAME = "$(TARGET_NAME)";
			};
			name = Debug;
		};
		18D612D81D1D1BF0008E94D0 /* Release */ = {
			isa = XCBuildConfiguration;
			buildSettings = {
				ASSETCATALOG_COMPILER_APPICON_NAME = AppIcon;
				CODE_SIGN_IDENTITY = "iPhone Developer";
				INFOPLIST_FILE = shushu/Info.plist;
				IPHONEOS_DEPLOYMENT_TARGET = 9.3;
				LD_RUNPATH_SEARCH_PATHS = "$(inherited) @executable_path/Frameworks";
				PRODUCT_BUNDLE_IDENTIFIER = apple.shushu;
				PRODUCT_NAME = "$(TARGET_NAME)";
			};
			name = Release;
		};
/* End XCBuildConfiguration section */

/* Begin XCConfigurationList section */
		18D612BA1D1D1BF0008E94D0 /* Build configuration list for PBXProject "shushu" */ = {
			isa = XCConfigurationList;
			buildConfigurations = (
				18D612D41D1D1BF0008E94D0 /* Debug */,
				18D612D51D1D1BF0008E94D0 /* Release */,
			);
			defaultConfigurationIsVisible = 0;
			defaultConfigurationName = Release;
		};
		18D612D61D1D1BF0008E94D0 /* Build configuration list for PBXNativeTarget "·，" */ = {
			isa = XCConfigurationList;
			buildConfigurations = (
				18D612D71D1D1BF0008E94D0 /* Debug */,
				18D612D81D1D1BF0008E94D0 /* Release */,
			);
			defaultConfigurationIsVisible = 0;
			defaultConfigurationName = Release;
		};
/* End XCConfigurationList section */
	};
	rootObject = 18D612B71D1D1BF0008E94D0 /* Project object */;
}
